// !$*UTF8*$!
{
	archiveVersion = 1;
	classes = {
	};
	objectVersion = 46;
	objects = {

/* Begin PBXBuildFile section */
		77026C4313B422ED0011429B /* EditItemViewController.xib in Resources */ = {isa = PBXBuildFile; fileRef = 77026C4213B422ED0011429B /* EditItemViewController.xib */; };
		771CA53913B41AA900033E23 /* EditItemViewController.m in Sources */ = {isa = PBXBuildFile; fileRef = 771CA53713B41AA900033E23 /* EditItemViewController.m */; };
		7728DD7A13B2FB1800E3DAA3 /* Item.m in Sources */ = {isa = PBXBuildFile; fileRef = 7728DD7913B2FB1800E3DAA3 /* Item.m */; };
		7737BFF413B2D624003EE6D7 /* Settings.plist in Resources */ = {isa = PBXBuildFile; fileRef = 7737BFF313B2D624003EE6D7 /* Settings.plist */; };
		7789EE0E13B022B700152B0D /* Persistence.m in Sources */ = {isa = PBXBuildFile; fileRef = 7789EE0D13B022B700152B0D /* Persistence.m */; };
		7789EE1A13B0247300152B0D /* Utilities.m in Sources */ = {isa = PBXBuildFile; fileRef = 7789EE1913B0247300152B0D /* Utilities.m */; };
		7789EE1E13B02B4200152B0D /* ShoppingListViewController.m in Sources */ = {isa = PBXBuildFile; fileRef = 7789EE1C13B02B4200152B0D /* ShoppingListViewController.m */; };
		7789EE1F13B02B4200152B0D /* ShoppingListViewController.xib in Resources */ = {isa = PBXBuildFile; fileRef = 7789EE1D13B02B4200152B0D /* ShoppingListViewController.xib */; };
		7789EE2413B02F0A00152B0D /* ItemsListViewController.m in Sources */ = {isa = PBXBuildFile; fileRef = 7789EE2213B02F0A00152B0D /* ItemsListViewController.m */; };
		7789EE2513B02F0A00152B0D /* ItemsListViewController.xib in Resources */ = {isa = PBXBuildFile; fileRef = 7789EE2313B02F0A00152B0D /* ItemsListViewController.xib */; };
		7789EE2913B02F9100152B0D /* XmlDataParser.m in Sources */ = {isa = PBXBuildFile; fileRef = 7789EE2813B02F9100152B0D /* XmlDataParser.m */; };
		7789EE2B13B03E2600152B0D /* StoreData.xml in Resources */ = {isa = PBXBuildFile; fileRef = 7789EE2A13B03E2600152B0D /* StoreData.xml */; };
		7789EE3A13B0531300152B0D /* AddItemViewController.m in Sources */ = {isa = PBXBuildFile; fileRef = 7789EE3613B0531300152B0D /* AddItemViewController.m */; };
		7789EE3B13B0531300152B0D /* AddItemViewController.xib in Resources */ = {isa = PBXBuildFile; fileRef = 7789EE3713B0531300152B0D /* AddItemViewController.xib */; };
		7789EE3C13B0531300152B0D /* BBTextField.m in Sources */ = {isa = PBXBuildFile; fileRef = 7789EE3913B0531300152B0D /* BBTextField.m */; };
		7789EE3F13B0568900152B0D /* ShoppingCart.m in Sources */ = {isa = PBXBuildFile; fileRef = 7789EE3E13B0568900152B0D /* ShoppingCart.m */; };
		7789EE4813B0568A00152B0D /* Category.m in Sources */ = {isa = PBXBuildFile; fileRef = 7789EE4713B0568A00152B0D /* Category.m */; };
		7789EE4B13B05DC800152B0D /* Store.m in Sources */ = {isa = PBXBuildFile; fileRef = 7789EE4A13B05DC700152B0D /* Store.m */; };
		7789EE5113B063FD00152B0D /* ItemTableViewCell.m in Sources */ = {isa = PBXBuildFile; fileRef = 7789EE4D13B063FD00152B0D /* ItemTableViewCell.m */; };
		7789EE5213B063FD00152B0D /* ItemTableViewCell.xib in Resources */ = {isa = PBXBuildFile; fileRef = 7789EE4E13B063FD00152B0D /* ItemTableViewCell.xib */; };
		7789EE5313B063FD00152B0D /* BBTextDecorationLabel.m in Sources */ = {isa = PBXBuildFile; fileRef = 7789EE5013B063FD00152B0D /* BBTextDecorationLabel.m */; };
		77B0B9B413AF8C4800318C51 /* UIKit.framework in Frameworks */ = {isa = PBXBuildFile; fileRef = 77B0B9B313AF8C4800318C51 /* UIKit.framework */; };
		77B0B9B613AF8C4800318C51 /* Foundation.framework in Frameworks */ = {isa = PBXBuildFile; fileRef = 77B0B9B513AF8C4800318C51 /* Foundation.framework */; };
		77B0B9B813AF8C4800318C51 /* CoreGraphics.framework in Frameworks */ = {isa = PBXBuildFile; fileRef = 77B0B9B713AF8C4800318C51 /* CoreGraphics.framework */; };
		77B0B9BA13AF8C4800318C51 /* CoreData.framework in Frameworks */ = {isa = PBXBuildFile; fileRef = 77B0B9B913AF8C4800318C51 /* CoreData.framework */; };
		77B0B9C013AF8C4800318C51 /* InfoPlist.strings in Resources */ = {isa = PBXBuildFile; fileRef = 77B0B9BE13AF8C4800318C51 /* InfoPlist.strings */; };
		77B0B9C313AF8C4800318C51 /* main.m in Sources */ = {isa = PBXBuildFile; fileRef = 77B0B9C213AF8C4800318C51 /* main.m */; };
		77B0B9C613AF8C4800318C51 /* iOutOfAppDelegate.m in Sources */ = {isa = PBXBuildFile; fileRef = 77B0B9C513AF8C4800318C51 /* iOutOfAppDelegate.m */; };
		77B0B9C913AF8C4800318C51 /* MainWindow.xib in Resources */ = {isa = PBXBuildFile; fileRef = 77B0B9C713AF8C4800318C51 /* MainWindow.xib */; };
		77B0B9CC13AF8C4800318C51 /* iOutOf.xcdatamodeld in Sources */ = {isa = PBXBuildFile; fileRef = 77B0B9CA13AF8C4800318C51 /* iOutOf.xcdatamodeld */; };
		77B0B9E513AF8D9B00318C51 /* 93@2x.png in Resources */ = {isa = PBXBuildFile; fileRef = 77B0B9DC13AF8D9B00318C51 /* 93@2x.png */; };
		77B0B9E613AF8D9B00318C51 /* 264@2x.png in Resources */ = {isa = PBXBuildFile; fileRef = 77B0B9DD13AF8D9B00318C51 /* 264@2x.png */; };
		77B0B9E713AF8D9B00318C51 /* 203@2x.png in Resources */ = {isa = PBXBuildFile; fileRef = 77B0B9DE13AF8D9B00318C51 /* 203@2x.png */; };
		77B0B9E813AF8D9B00318C51 /* 63@2x.png in Resources */ = {isa = PBXBuildFile; fileRef = 77B0B9DF13AF8D9B00318C51 /* 63@2x.png */; };
		77B0B9E913AF8D9B00318C51 /* ItemQuantitiesSingular.plist in Resources */ = {isa = PBXBuildFile; fileRef = 77B0B9E013AF8D9B00318C51 /* ItemQuantitiesSingular.plist */; };
		77B0B9EA13AF8D9B00318C51 /* ItemQuantitiesPlural.plist in Resources */ = {isa = PBXBuildFile; fileRef = 77B0B9E113AF8D9B00318C51 /* ItemQuantitiesPlural.plist */; };
		77B0B9EB13AF8D9B00318C51 /* 203.png in Resources */ = {isa = PBXBuildFile; fileRef = 77B0B9E213AF8D9B00318C51 /* 203.png */; };
		77B0B9EC13AF8D9B00318C51 /* 63.png in Resources */ = {isa = PBXBuildFile; fileRef = 77B0B9E313AF8D9B00318C51 /* 63.png */; };
		77B0B9ED13AF8D9B00318C51 /* 93.png in Resources */ = {isa = PBXBuildFile; fileRef = 77B0B9E413AF8D9B00318C51 /* 93.png */; };
		77B0B9F513AF8E5F00318C51 /* HomeViewController.m in Sources */ = {isa = PBXBuildFile; fileRef = 77B0B9F313AF8E5F00318C51 /* HomeViewController.m */; };
		77B0B9F613AF8E5F00318C51 /* HomeViewController.xib in Resources */ = {isa = PBXBuildFile; fileRef = 77B0B9F413AF8E5F00318C51 /* HomeViewController.xib */; };
		77B0B9FF13AF8E7E00318C51 /* AtTheStoreViewController.m in Sources */ = {isa = PBXBuildFile; fileRef = 77B0B9FD13AF8E7E00318C51 /* AtTheStoreViewController.m */; };
		77B0BA0013AF8E7E00318C51 /* AtTheStoreViewController.xib in Resources */ = {isa = PBXBuildFile; fileRef = 77B0B9FE13AF8E7E00318C51 /* AtTheStoreViewController.xib */; };
		77B0BA0413AF8E8D00318C51 /* OptionsViewController.m in Sources */ = {isa = PBXBuildFile; fileRef = 77B0BA0213AF8E8D00318C51 /* OptionsViewController.m */; };
		77B0BA0513AF8E8D00318C51 /* OptionsViewController.xib in Resources */ = {isa = PBXBuildFile; fileRef = 77B0BA0313AF8E8D00318C51 /* OptionsViewController.xib */; };
		77B0BA0713AF900400318C51 /* 264.png in Resources */ = {isa = PBXBuildFile; fileRef = 77B0BA0613AF900400318C51 /* 264.png */; };
/* End PBXBuildFile section */

/* Begin PBXFileReference section */
		77026C4213B422ED0011429B /* EditItemViewController.xib */ = {isa = PBXFileReference; fileEncoding = 4; lastKnownFileType = file.xib; path = EditItemViewController.xib; sourceTree = "<group>"; };
		771CA53613B41AA900033E23 /* EditItemViewController.h */ = {isa = PBXFileReference; fileEncoding = 4; lastKnownFileType = sourcecode.c.h; path = EditItemViewController.h; sourceTree = "<group>"; };
		771CA53713B41AA900033E23 /* EditItemViewController.m */ = {isa = PBXFileReference; fileEncoding = 4; lastKnownFileType = sourcecode.c.objc; path = EditItemViewController.m; sourceTree = "<group>"; };
		7728DD7813B2FB1800E3DAA3 /* Item.h */ = {isa = PBXFileReference; fileEncoding = 4; lastKnownFileType = sourcecode.c.h; path = Item.h; sourceTree = "<group>"; };
		7728DD7913B2FB1800E3DAA3 /* Item.m */ = {isa = PBXFileReference; fileEncoding = 4; lastKnownFileType = sourcecode.c.objc; path = Item.m; sourceTree = "<group>"; };
		7737BFF313B2D624003EE6D7 /* Settings.plist */ = {isa = PBXFileReference; fileEncoding = 4; lastKnownFileType = text.plist.xml; path = Settings.plist; sourceTree = "<group>"; };
		7789EE0C13B022B700152B0D /* Persistence.h */ = {isa = PBXFileReference; fileEncoding = 4; lastKnownFileType = sourcecode.c.h; path = Persistence.h; sourceTree = "<group>"; };
		7789EE0D13B022B700152B0D /* Persistence.m */ = {isa = PBXFileReference; fileEncoding = 4; lastKnownFileType = sourcecode.c.objc; path = Persistence.m; sourceTree = "<group>"; };
		7789EE1813B0247300152B0D /* Utilities.h */ = {isa = PBXFileReference; fileEncoding = 4; lastKnownFileType = sourcecode.c.h; path = Utilities.h; sourceTree = "<group>"; };
		7789EE1913B0247300152B0D /* Utilities.m */ = {isa = PBXFileReference; fileEncoding = 4; lastKnownFileType = sourcecode.c.objc; path = Utilities.m; sourceTree = "<group>"; };
		7789EE1B13B02B4200152B0D /* ShoppingListViewController.h */ = {isa = PBXFileReference; fileEncoding = 4; lastKnownFileType = sourcecode.c.h; path = ShoppingListViewController.h; sourceTree = "<group>"; };
		7789EE1C13B02B4200152B0D /* ShoppingListViewController.m */ = {isa = PBXFileReference; fileEncoding = 4; lastKnownFileType = sourcecode.c.objc; path = ShoppingListViewController.m; sourceTree = "<group>"; };
		7789EE1D13B02B4200152B0D /* ShoppingListViewController.xib */ = {isa = PBXFileReference; fileEncoding = 4; lastKnownFileType = file.xib; path = ShoppingListViewController.xib; sourceTree = "<group>"; };
		7789EE2113B02F0A00152B0D /* ItemsListViewController.h */ = {isa = PBXFileReference; fileEncoding = 4; lastKnownFileType = sourcecode.c.h; path = ItemsListViewController.h; sourceTree = "<group>"; };
		7789EE2213B02F0A00152B0D /* ItemsListViewController.m */ = {isa = PBXFileReference; fileEncoding = 4; lastKnownFileType = sourcecode.c.objc; path = ItemsListViewController.m; sourceTree = "<group>"; };
		7789EE2313B02F0A00152B0D /* ItemsListViewController.xib */ = {isa = PBXFileReference; fileEncoding = 4; lastKnownFileType = file.xib; path = ItemsListViewController.xib; sourceTree = "<group>"; };
		7789EE2713B02F9100152B0D /* XmlDataParser.h */ = {isa = PBXFileReference; fileEncoding = 4; lastKnownFileType = sourcecode.c.h; path = XmlDataParser.h; sourceTree = "<group>"; };
		7789EE2813B02F9100152B0D /* XmlDataParser.m */ = {isa = PBXFileReference; fileEncoding = 4; lastKnownFileType = sourcecode.c.objc; path = XmlDataParser.m; sourceTree = "<group>"; };
		7789EE2A13B03E2600152B0D /* StoreData.xml */ = {isa = PBXFileReference; fileEncoding = 4; lastKnownFileType = text.xml; path = StoreData.xml; sourceTree = "<group>"; };
		7789EE3513B0531300152B0D /* AddItemViewController.h */ = {isa = PBXFileReference; fileEncoding = 4; lastKnownFileType = sourcecode.c.h; path = AddItemViewController.h; sourceTree = "<group>"; };
		7789EE3613B0531300152B0D /* AddItemViewController.m */ = {isa = PBXFileReference; fileEncoding = 4; lastKnownFileType = sourcecode.c.objc; path = AddItemViewController.m; sourceTree = "<group>"; };
		7789EE3713B0531300152B0D /* AddItemViewController.xib */ = {isa = PBXFileReference; fileEncoding = 4; lastKnownFileType = file.xib; path = AddItemViewController.xib; sourceTree = "<group>"; };
		7789EE3813B0531300152B0D /* BBTextField.h */ = {isa = PBXFileReference; fileEncoding = 4; lastKnownFileType = sourcecode.c.h; path = BBTextField.h; sourceTree = "<group>"; };
		7789EE3913B0531300152B0D /* BBTextField.m */ = {isa = PBXFileReference; fileEncoding = 4; lastKnownFileType = sourcecode.c.objc; path = BBTextField.m; sourceTree = "<group>"; };
		7789EE3D13B0568900152B0D /* ShoppingCart.h */ = {isa = PBXFileReference; fileEncoding = 4; lastKnownFileType = sourcecode.c.h; path = ShoppingCart.h; sourceTree = "<group>"; };
		7789EE3E13B0568900152B0D /* ShoppingCart.m */ = {isa = PBXFileReference; fileEncoding = 4; lastKnownFileType = sourcecode.c.objc; path = ShoppingCart.m; sourceTree = "<group>"; };
		7789EE4613B0568A00152B0D /* Category.h */ = {isa = PBXFileReference; fileEncoding = 4; lastKnownFileType = sourcecode.c.h; path = Category.h; sourceTree = "<group>"; };
		7789EE4713B0568A00152B0D /* Category.m */ = {isa = PBXFileReference; fileEncoding = 4; lastKnownFileType = sourcecode.c.objc; path = Category.m; sourceTree = "<group>"; };
		7789EE4913B05DC700152B0D /* Store.h */ = {isa = PBXFileReference; fileEncoding = 4; lastKnownFileType = sourcecode.c.h; path = Store.h; sourceTree = "<group>"; };
		7789EE4A13B05DC700152B0D /* Store.m */ = {isa = PBXFileReference; fileEncoding = 4; lastKnownFileType = sourcecode.c.objc; path = Store.m; sourceTree = "<group>"; };
		7789EE4C13B063FD00152B0D /* ItemTableViewCell.h */ = {isa = PBXFileReference; fileEncoding = 4; lastKnownFileType = sourcecode.c.h; path = ItemTableViewCell.h; sourceTree = "<group>"; };
		7789EE4D13B063FD00152B0D /* ItemTableViewCell.m */ = {isa = PBXFileReference; fileEncoding = 4; lastKnownFileType = sourcecode.c.objc; path = ItemTableViewCell.m; sourceTree = "<group>"; };
		7789EE4E13B063FD00152B0D /* ItemTableViewCell.xib */ = {isa = PBXFileReference; fileEncoding = 4; lastKnownFileType = file.xib; path = ItemTableViewCell.xib; sourceTree = "<group>"; };
		7789EE4F13B063FD00152B0D /* BBTextDecorationLabel.h */ = {isa = PBXFileReference; fileEncoding = 4; lastKnownFileType = sourcecode.c.h; path = BBTextDecorationLabel.h; sourceTree = "<group>"; };
		7789EE5013B063FD00152B0D /* BBTextDecorationLabel.m */ = {isa = PBXFileReference; fileEncoding = 4; lastKnownFileType = sourcecode.c.objc; path = BBTextDecorationLabel.m; sourceTree = "<group>"; };
		77B0B9AF13AF8C4800318C51 /* iOutOf.app */ = {isa = PBXFileReference; explicitFileType = wrapper.application; includeInIndex = 0; path = iOutOf.app; sourceTree = BUILT_PRODUCTS_DIR; };
		77B0B9B313AF8C4800318C51 /* UIKit.framework */ = {isa = PBXFileReference; lastKnownFileType = wrapper.framework; name = UIKit.framework; path = System/Library/Frameworks/UIKit.framework; sourceTree = SDKROOT; };
		77B0B9B513AF8C4800318C51 /* Foundation.framework */ = {isa = PBXFileReference; lastKnownFileType = wrapper.framework; name = Foundation.framework; path = System/Library/Frameworks/Foundation.framework; sourceTree = SDKROOT; };
		77B0B9B713AF8C4800318C51 /* CoreGraphics.framework */ = {isa = PBXFileReference; lastKnownFileType = wrapper.framework; name = CoreGraphics.framework; path = System/Library/Frameworks/CoreGraphics.framework; sourceTree = SDKROOT; };
		77B0B9B913AF8C4800318C51 /* CoreData.framework */ = {isa = PBXFileReference; lastKnownFileType = wrapper.framework; name = CoreData.framework; path = System/Library/Frameworks/CoreData.framework; sourceTree = SDKROOT; };
		77B0B9BD13AF8C4800318C51 /* iOutOf-Info.plist */ = {isa = PBXFileReference; lastKnownFileType = text.plist.xml; path = "iOutOf-Info.plist"; sourceTree = "<group>"; };
		77B0B9BF13AF8C4800318C51 /* en */ = {isa = PBXFileReference; lastKnownFileType = text.plist.strings; name = en; path = en.lproj/InfoPlist.strings; sourceTree = "<group>"; };
		77B0B9C113AF8C4800318C51 /* iOutOf-Prefix.pch */ = {isa = PBXFileReference; lastKnownFileType = sourcecode.c.h; path = "iOutOf-Prefix.pch"; sourceTree = "<group>"; };
		77B0B9C213AF8C4800318C51 /* main.m */ = {isa = PBXFileReference; lastKnownFileType = sourcecode.c.objc; path = main.m; sourceTree = "<group>"; };
		77B0B9C413AF8C4800318C51 /* iOutOfAppDelegate.h */ = {isa = PBXFileReference; lastKnownFileType = sourcecode.c.h; path = iOutOfAppDelegate.h; sourceTree = "<group>"; };
		77B0B9C513AF8C4800318C51 /* iOutOfAppDelegate.m */ = {isa = PBXFileReference; lastKnownFileType = sourcecode.c.objc; path = iOutOfAppDelegate.m; sourceTree = "<group>"; };
		77B0B9C813AF8C4800318C51 /* en */ = {isa = PBXFileReference; lastKnownFileType = file.xib; name = en; path = en.lproj/MainWindow.xib; sourceTree = "<group>"; };
		77B0B9CB13AF8C4800318C51 /* iOutOf.xcdatamodel */ = {isa = PBXFileReference; lastKnownFileType = wrapper.xcdatamodel; path = iOutOf.xcdatamodel; sourceTree = "<group>"; };
		77B0B9DC13AF8D9B00318C51 /* 93@2x.png */ = {isa = PBXFileReference; lastKnownFileType = image.png; path = "93@2x.png"; sourceTree = "<group>"; };
		77B0B9DD13AF8D9B00318C51 /* 264@2x.png */ = {isa = PBXFileReference; lastKnownFileType = image.png; path = "264@2x.png"; sourceTree = "<group>"; };
		77B0B9DE13AF8D9B00318C51 /* 203@2x.png */ = {isa = PBXFileReference; lastKnownFileType = image.png; path = "203@2x.png"; sourceTree = "<group>"; };
		77B0B9DF13AF8D9B00318C51 /* 63@2x.png */ = {isa = PBXFileReference; lastKnownFileType = image.png; path = "63@2x.png"; sourceTree = "<group>"; };
		77B0B9E013AF8D9B00318C51 /* ItemQuantitiesSingular.plist */ = {isa = PBXFileReference; fileEncoding = 4; lastKnownFileType = text.plist.xml; path = ItemQuantitiesSingular.plist; sourceTree = "<group>"; };
		77B0B9E113AF8D9B00318C51 /* ItemQuantitiesPlural.plist */ = {isa = PBXFileReference; fileEncoding = 4; lastKnownFileType = text.plist.xml; path = ItemQuantitiesPlural.plist; sourceTree = "<group>"; };
		77B0B9E213AF8D9B00318C51 /* 203.png */ = {isa = PBXFileReference; lastKnownFileType = image.png; path = 203.png; sourceTree = "<group>"; };
		77B0B9E313AF8D9B00318C51 /* 63.png */ = {isa = PBXFileReference; lastKnownFileType = image.png; path = 63.png; sourceTree = "<group>"; };
		77B0B9E413AF8D9B00318C51 /* 93.png */ = {isa = PBXFileReference; lastKnownFileType = image.png; path = 93.png; sourceTree = "<group>"; };
		77B0B9F213AF8E5F00318C51 /* HomeViewController.h */ = {isa = PBXFileReference; fileEncoding = 4; lastKnownFileType = sourcecode.c.h; path = HomeViewController.h; sourceTree = "<group>"; };
		77B0B9F313AF8E5F00318C51 /* HomeViewController.m */ = {isa = PBXFileReference; fileEncoding = 4; lastKnownFileType = sourcecode.c.objc; path = HomeViewController.m; sourceTree = "<group>"; };
		77B0B9F413AF8E5F00318C51 /* HomeViewController.xib */ = {isa = PBXFileReference; fileEncoding = 4; lastKnownFileType = file.xib; path = HomeViewController.xib; sourceTree = "<group>"; };
		77B0B9FC13AF8E7E00318C51 /* AtTheStoreViewController.h */ = {isa = PBXFileReference; fileEncoding = 4; lastKnownFileType = sourcecode.c.h; path = AtTheStoreViewController.h; sourceTree = "<group>"; };
		77B0B9FD13AF8E7E00318C51 /* AtTheStoreViewController.m */ = {isa = PBXFileReference; fileEncoding = 4; lastKnownFileType = sourcecode.c.objc; path = AtTheStoreViewController.m; sourceTree = "<group>"; };
		77B0B9FE13AF8E7E00318C51 /* AtTheStoreViewController.xib */ = {isa = PBXFileReference; fileEncoding = 4; lastKnownFileType = file.xib; path = AtTheStoreViewController.xib; sourceTree = "<group>"; };
		77B0BA0113AF8E8D00318C51 /* OptionsViewController.h */ = {isa = PBXFileReference; fileEncoding = 4; lastKnownFileType = sourcecode.c.h; path = OptionsViewController.h; sourceTree = "<group>"; };
		77B0BA0213AF8E8D00318C51 /* OptionsViewController.m */ = {isa = PBXFileReference; fileEncoding = 4; lastKnownFileType = sourcecode.c.objc; path = OptionsViewController.m; sourceTree = "<group>"; };
		77B0BA0313AF8E8D00318C51 /* OptionsViewController.xib */ = {isa = PBXFileReference; fileEncoding = 4; lastKnownFileType = file.xib; path = OptionsViewController.xib; sourceTree = "<group>"; };
		77B0BA0613AF900400318C51 /* 264.png */ = {isa = PBXFileReference; lastKnownFileType = image.png; path = 264.png; sourceTree = "<group>"; };
/* End PBXFileReference section */

/* Begin PBXFrameworksBuildPhase section */
		77B0B9AC13AF8C4800318C51 /* Frameworks */ = {
			isa = PBXFrameworksBuildPhase;
			buildActionMask = 2147483647;
			files = (
				77B0B9B413AF8C4800318C51 /* UIKit.framework in Frameworks */,
				77B0B9B613AF8C4800318C51 /* Foundation.framework in Frameworks */,
				77B0B9B813AF8C4800318C51 /* CoreGraphics.framework in Frameworks */,
				77B0B9BA13AF8C4800318C51 /* CoreData.framework in Frameworks */,
			);
			runOnlyForDeploymentPostprocessing = 0;
		};
/* End PBXFrameworksBuildPhase section */

/* Begin PBXGroup section */
		771CA53413B41A9800033E23 /* Edit Screen */ = {
			isa = PBXGroup;
			children = (
				771CA53613B41AA900033E23 /* EditItemViewController.h */,
				771CA53713B41AA900033E23 /* EditItemViewController.m */,
				77026C4213B422ED0011429B /* EditItemViewController.xib */,
			);
			name = "Edit Screen";
			sourceTree = "<group>";
		};
		7789EE0913B0229300152B0D /* DAL */ = {
			isa = PBXGroup;
			children = (
				7789EE2613B02F5E00152B0D /* XML */,
				7789EE0C13B022B700152B0D /* Persistence.h */,
				7789EE0D13B022B700152B0D /* Persistence.m */,
				7789EE0B13B0229A00152B0D /* Entities */,
			);
			name = DAL;
			sourceTree = "<group>";
		};
		7789EE0B13B0229A00152B0D /* Entities */ = {
			isa = PBXGroup;
			children = (
				7728DD7813B2FB1800E3DAA3 /* Item.h */,
				7728DD7913B2FB1800E3DAA3 /* Item.m */,
				7789EE4913B05DC700152B0D /* Store.h */,
				7789EE4A13B05DC700152B0D /* Store.m */,
				7789EE4613B0568A00152B0D /* Category.h */,
				7789EE4713B0568A00152B0D /* Category.m */,
				7789EE3D13B0568900152B0D /* ShoppingCart.h */,
				7789EE3E13B0568900152B0D /* ShoppingCart.m */,
			);
			name = Entities;
			sourceTree = "<group>";
		};
		7789EE2013B02EF200152B0D /* Items List Screen */ = {
			isa = PBXGroup;
			children = (
				771CA53413B41A9800033E23 /* Edit Screen */,
				7789EE3413B052EC00152B0D /* Add Item Screen */,
				7789EE2113B02F0A00152B0D /* ItemsListViewController.h */,
				7789EE2213B02F0A00152B0D /* ItemsListViewController.m */,
				7789EE2313B02F0A00152B0D /* ItemsListViewController.xib */,
			);
			name = "Items List Screen";
			sourceTree = "<group>";
		};
		7789EE2613B02F5E00152B0D /* XML */ = {
			isa = PBXGroup;
			children = (
				7789EE2713B02F9100152B0D /* XmlDataParser.h */,
				7789EE2813B02F9100152B0D /* XmlDataParser.m */,
			);
			name = XML;
			sourceTree = "<group>";
		};
		7789EE3413B052EC00152B0D /* Add Item Screen */ = {
			isa = PBXGroup;
			children = (
				7789EE3513B0531300152B0D /* AddItemViewController.h */,
				7789EE3613B0531300152B0D /* AddItemViewController.m */,
				7789EE3713B0531300152B0D /* AddItemViewController.xib */,
				7789EE3813B0531300152B0D /* BBTextField.h */,
				7789EE3913B0531300152B0D /* BBTextField.m */,
			);
			name = "Add Item Screen";
			sourceTree = "<group>";
		};
		77B0B9A413AF8C4800318C51 = {
			isa = PBXGroup;
			children = (
				77B0B9BB13AF8C4800318C51 /* iOutOf */,
				77B0B9B213AF8C4800318C51 /* Frameworks */,
				77B0B9B013AF8C4800318C51 /* Products */,
			);
			sourceTree = "<group>";
		};
		77B0B9B013AF8C4800318C51 /* Products */ = {
			isa = PBXGroup;
			children = (
				77B0B9AF13AF8C4800318C51 /* iOutOf.app */,
			);
			name = Products;
			sourceTree = "<group>";
		};
		77B0B9B213AF8C4800318C51 /* Frameworks */ = {
			isa = PBXGroup;
			children = (
				77B0B9B313AF8C4800318C51 /* UIKit.framework */,
				77B0B9B513AF8C4800318C51 /* Foundation.framework */,
				77B0B9B713AF8C4800318C51 /* CoreGraphics.framework */,
				77B0B9B913AF8C4800318C51 /* CoreData.framework */,
			);
			name = Frameworks;
			sourceTree = "<group>";
		};
		77B0B9BB13AF8C4800318C51 /* iOutOf */ = {
			isa = PBXGroup;
			children = (
				7789EE0913B0229300152B0D /* DAL */,
				77B0B9F113AF8E0800318C51 /* Home Screen */,
				77B0B9F013AF8E0500318C51 /* Shopping List Screen */,
				7789EE2013B02EF200152B0D /* Items List Screen */,
				77B0B9EF13AF8E0100318C51 /* At The Store Screen */,
				77B0B9EE13AF8DD500318C51 /* Options Screen */,
				77B0B9C413AF8C4800318C51 /* iOutOfAppDelegate.h */,
				77B0B9C513AF8C4800318C51 /* iOutOfAppDelegate.m */,
				7789EE1813B0247300152B0D /* Utilities.h */,
				7789EE1913B0247300152B0D /* Utilities.m */,
				77B0B9C713AF8C4800318C51 /* MainWindow.xib */,
				77B0B9CA13AF8C4800318C51 /* iOutOf.xcdatamodeld */,
				77B0B9DB13AF8D8200318C51 /* Resources */,
				77B0B9BC13AF8C4800318C51 /* Supporting Files */,
			);
			path = iOutOf;
			sourceTree = "<group>";
		};
		77B0B9BC13AF8C4800318C51 /* Supporting Files */ = {
			isa = PBXGroup;
			children = (
				77B0B9BD13AF8C4800318C51 /* iOutOf-Info.plist */,
				77B0B9BE13AF8C4800318C51 /* InfoPlist.strings */,
				77B0B9C113AF8C4800318C51 /* iOutOf-Prefix.pch */,
				77B0B9C213AF8C4800318C51 /* main.m */,
			);
			name = "Supporting Files";
			sourceTree = "<group>";
		};
		77B0B9DB13AF8D8200318C51 /* Resources */ = {
			isa = PBXGroup;
			children = (
				77B0B9E413AF8D9B00318C51 /* 93.png */,
				77B0B9DC13AF8D9B00318C51 /* 93@2x.png */,
				77B0BA0613AF900400318C51 /* 264.png */,
				77B0B9DD13AF8D9B00318C51 /* 264@2x.png */,
				77B0B9E213AF8D9B00318C51 /* 203.png */,
				77B0B9DE13AF8D9B00318C51 /* 203@2x.png */,
				77B0B9E313AF8D9B00318C51 /* 63.png */,
				77B0B9DF13AF8D9B00318C51 /* 63@2x.png */,
				77B0B9E013AF8D9B00318C51 /* ItemQuantitiesSingular.plist */,
				77B0B9E113AF8D9B00318C51 /* ItemQuantitiesPlural.plist */,
				7789EE2A13B03E2600152B0D /* StoreData.xml */,
				7737BFF313B2D624003EE6D7 /* Settings.plist */,
			);
			name = Resources;
			sourceTree = "<group>";
		};
		77B0B9EE13AF8DD500318C51 /* Options Screen */ = {
			isa = PBXGroup;
			children = (
				77B0BA0113AF8E8D00318C51 /* OptionsViewController.h */,
				77B0BA0213AF8E8D00318C51 /* OptionsViewController.m */,
				77B0BA0313AF8E8D00318C51 /* OptionsViewController.xib */,
			);
			name = "Options Screen";
			sourceTree = "<group>";
		};
		77B0B9EF13AF8E0100318C51 /* At The Store Screen */ = {
			isa = PBXGroup;
			children = (
				77B0B9FC13AF8E7E00318C51 /* AtTheStoreViewController.h */,
				77B0B9FD13AF8E7E00318C51 /* AtTheStoreViewController.m */,
				77B0B9FE13AF8E7E00318C51 /* AtTheStoreViewController.xib */,
				7789EE4C13B063FD00152B0D /* ItemTableViewCell.h */,
				7789EE4D13B063FD00152B0D /* ItemTableViewCell.m */,
				7789EE4E13B063FD00152B0D /* ItemTableViewCell.xib */,
				7789EE4F13B063FD00152B0D /* BBTextDecorationLabel.h */,
				7789EE5013B063FD00152B0D /* BBTextDecorationLabel.m */,
			);
			name = "At The Store Screen";
			sourceTree = "<group>";
		};
		77B0B9F013AF8E0500318C51 /* Shopping List Screen */ = {
			isa = PBXGroup;
			children = (
				7789EE1B13B02B4200152B0D /* ShoppingListViewController.h */,
				7789EE1C13B02B4200152B0D /* ShoppingListViewController.m */,
				7789EE1D13B02B4200152B0D /* ShoppingListViewController.xib */,
			);
			name = "Shopping List Screen";
			sourceTree = "<group>";
		};
		77B0B9F113AF8E0800318C51 /* Home Screen */ = {
			isa = PBXGroup;
			children = (
				77B0B9F213AF8E5F00318C51 /* HomeViewController.h */,
				77B0B9F313AF8E5F00318C51 /* HomeViewController.m */,
				77B0B9F413AF8E5F00318C51 /* HomeViewController.xib */,
			);
			name = "Home Screen";
			sourceTree = "<group>";
		};
/* End PBXGroup section */

/* Begin PBXNativeTarget section */
		77B0B9AE13AF8C4800318C51 /* iOutOf */ = {
			isa = PBXNativeTarget;
			buildConfigurationList = 77B0B9CF13AF8C4800318C51 /* Build configuration list for PBXNativeTarget "iOutOf" */;
			buildPhases = (
				77B0B9AB13AF8C4800318C51 /* Sources */,
				77B0B9AC13AF8C4800318C51 /* Frameworks */,
				77B0B9AD13AF8C4800318C51 /* Resources */,
			);
			buildRules = (
			);
			dependencies = (
			);
			name = iOutOf;
			productName = iOutOf;
			productReference = 77B0B9AF13AF8C4800318C51 /* iOutOf.app */;
			productType = "com.apple.product-type.application";
		};
/* End PBXNativeTarget section */

/* Begin PBXProject section */
		77B0B9A613AF8C4800318C51 /* Project object */ = {
			isa = PBXProject;
			attributes = {
				ORGANIZATIONNAME = "Basically Bits, LLC";
			};
			buildConfigurationList = 77B0B9A913AF8C4800318C51 /* Build configuration list for PBXProject "iOutOf" */;
			compatibilityVersion = "Xcode 3.2";
			developmentRegion = English;
			hasScannedForEncodings = 0;
			knownRegions = (
				en,
			);
			mainGroup = 77B0B9A413AF8C4800318C51;
			productRefGroup = 77B0B9B013AF8C4800318C51 /* Products */;
			projectDirPath = "";
			projectRoot = "";
			targets = (
				77B0B9AE13AF8C4800318C51 /* iOutOf */,
			);
		};
/* End PBXProject section */

/* Begin PBXResourcesBuildPhase section */
		77B0B9AD13AF8C4800318C51 /* Resources */ = {
			isa = PBXResourcesBuildPhase;
			buildActionMask = 2147483647;
			files = (
				77B0B9C013AF8C4800318C51 /* InfoPlist.strings in Resources */,
				77B0B9C913AF8C4800318C51 /* MainWindow.xib in Resources */,
				77B0B9E513AF8D9B00318C51 /* 93@2x.png in Resources */,
				77B0B9E613AF8D9B00318C51 /* 264@2x.png in Resources */,
				77B0B9E713AF8D9B00318C51 /* 203@2x.png in Resources */,
				77B0B9E813AF8D9B00318C51 /* 63@2x.png in Resources */,
				77B0B9E913AF8D9B00318C51 /* ItemQuantitiesSingular.plist in Resources */,
				77B0B9EA13AF8D9B00318C51 /* ItemQuantitiesPlural.plist in Resources */,
				77B0B9EB13AF8D9B00318C51 /* 203.png in Resources */,
				77B0B9EC13AF8D9B00318C51 /* 63.png in Resources */,
				77B0B9ED13AF8D9B00318C51 /* 93.png in Resources */,
				77B0B9F613AF8E5F00318C51 /* HomeViewController.xib in Resources */,
				77B0BA0013AF8E7E00318C51 /* AtTheStoreViewController.xib in Resources */,
				77B0BA0513AF8E8D00318C51 /* OptionsViewController.xib in Resources */,
				77B0BA0713AF900400318C51 /* 264.png in Resources */,
				7789EE1F13B02B4200152B0D /* ShoppingListViewController.xib in Resources */,
				7789EE2513B02F0A00152B0D /* ItemsListViewController.xib in Resources */,
				7789EE2B13B03E2600152B0D /* StoreData.xml in Resources */,
				7789EE3B13B0531300152B0D /* AddItemViewController.xib in Resources */,
				7789EE5213B063FD00152B0D /* ItemTableViewCell.xib in Resources */,
				7737BFF413B2D624003EE6D7 /* Settings.plist in Resources */,
				77026C4313B422ED0011429B /* EditItemViewController.xib in Resources */,
			);
			runOnlyForDeploymentPostprocessing = 0;
		};
/* End PBXResourcesBuildPhase section */

/* Begin PBXSourcesBuildPhase section */
		77B0B9AB13AF8C4800318C51 /* Sources */ = {
			isa = PBXSourcesBuildPhase;
			buildActionMask = 2147483647;
			files = (
				77B0B9C313AF8C4800318C51 /* main.m in Sources */,
				77B0B9C613AF8C4800318C51 /* iOutOfAppDelegate.m in Sources */,
				77B0B9CC13AF8C4800318C51 /* iOutOf.xcdatamodeld in Sources */,
				77B0B9F513AF8E5F00318C51 /* HomeViewController.m in Sources */,
				77B0B9FF13AF8E7E00318C51 /* AtTheStoreViewController.m in Sources */,
				77B0BA0413AF8E8D00318C51 /* OptionsViewController.m in Sources */,
				7789EE0E13B022B700152B0D /* Persistence.m in Sources */,
				7789EE1A13B0247300152B0D /* Utilities.m in Sources */,
				7789EE1E13B02B4200152B0D /* ShoppingListViewController.m in Sources */,
				7789EE2413B02F0A00152B0D /* ItemsListViewController.m in Sources */,
				7789EE2913B02F9100152B0D /* XmlDataParser.m in Sources */,
				7789EE3A13B0531300152B0D /* AddItemViewController.m in Sources */,
				7789EE3C13B0531300152B0D /* BBTextField.m in Sources */,
				7789EE3F13B0568900152B0D /* ShoppingCart.m in Sources */,
				7789EE4813B0568A00152B0D /* Category.m in Sources */,
				7789EE4B13B05DC800152B0D /* Store.m in Sources */,
				7789EE5113B063FD00152B0D /* ItemTableViewCell.m in Sources */,
				7789EE5313B063FD00152B0D /* BBTextDecorationLabel.m in Sources */,
				7728DD7A13B2FB1800E3DAA3 /* Item.m in Sources */,
				771CA53913B41AA900033E23 /* EditItemViewController.m in Sources */,
			);
			runOnlyForDeploymentPostprocessing = 0;
		};
/* End PBXSourcesBuildPhase section */

/* Begin PBXVariantGroup section */
		77B0B9BE13AF8C4800318C51 /* InfoPlist.strings */ = {
			isa = PBXVariantGroup;
			children = (
				77B0B9BF13AF8C4800318C51 /* en */,
			);
			name = InfoPlist.strings;
			sourceTree = "<group>";
		};
		77B0B9C713AF8C4800318C51 /* MainWindow.xib */ = {
			isa = PBXVariantGroup;
			children = (
				77B0B9C813AF8C4800318C51 /* en */,
			);
			name = MainWindow.xib;
			sourceTree = "<group>";
		};
/* End PBXVariantGroup section */

/* Begin XCBuildConfiguration section */
		77B0B9CD13AF8C4800318C51 /* Debug */ = {
			isa = XCBuildConfiguration;
			buildSettings = {
				ARCHS = "$(ARCHS_STANDARD_32_BIT)";
				"CODE_SIGN_IDENTITY[sdk=iphoneos*]" = "iPhone Developer";
				GCC_C_LANGUAGE_STANDARD = gnu99;
				GCC_OPTIMIZATION_LEVEL = 0;
				GCC_PREPROCESSOR_DEFINITIONS = DEBUG;
				GCC_SYMBOLS_PRIVATE_EXTERN = NO;
				GCC_VERSION = com.apple.compilers.llvmgcc42;
				GCC_WARN_ABOUT_RETURN_TYPE = YES;
				GCC_WARN_UNUSED_VARIABLE = YES;
				IPHONEOS_DEPLOYMENT_TARGET = 4.3;
				SDKROOT = iphoneos;
			};
			name = Debug;
		};
		77B0B9CE13AF8C4800318C51 /* Release */ = {
			isa = XCBuildConfiguration;
			buildSettings = {
				ARCHS = "$(ARCHS_STANDARD_32_BIT)";
				"CODE_SIGN_IDENTITY[sdk=iphoneos*]" = "iPhone Developer";
				GCC_C_LANGUAGE_STANDARD = gnu99;
				GCC_VERSION = com.apple.compilers.llvmgcc42;
				GCC_WARN_ABOUT_RETURN_TYPE = YES;
				GCC_WARN_UNUSED_VARIABLE = YES;
				IPHONEOS_DEPLOYMENT_TARGET = 4.3;
				OTHER_CFLAGS = "-DNS_BLOCK_ASSERTIONS=1";
				SDKROOT = iphoneos;
			};
			name = Release;
		};
		77B0B9D013AF8C4800318C51 /* Debug */ = {
			isa = XCBuildConfiguration;
			buildSettings = {
				ALWAYS_SEARCH_USER_PATHS = NO;
				COPY_PHASE_STRIP = NO;
				GCC_DYNAMIC_NO_PIC = NO;
				GCC_PRECOMPILE_PREFIX_HEADER = YES;
				GCC_PREFIX_HEADER = "iOutOf/iOutOf-Prefix.pch";
				INFOPLIST_FILE = "iOutOf/iOutOf-Info.plist";
				PRODUCT_NAME = "$(TARGET_NAME)";
				WRAPPER_EXTENSION = app;
			};
			name = Debug;
		};
		77B0B9D113AF8C4800318C51 /* Release */ = {
			isa = XCBuildConfiguration;
			buildSettings = {
				ALWAYS_SEARCH_USER_PATHS = NO;
				COPY_PHASE_STRIP = YES;
				GCC_PRECOMPILE_PREFIX_HEADER = YES;
				GCC_PREFIX_HEADER = "iOutOf/iOutOf-Prefix.pch";
				INFOPLIST_FILE = "iOutOf/iOutOf-Info.plist";
				PRODUCT_NAME = "$(TARGET_NAME)";
				VALIDATE_PRODUCT = YES;
				WRAPPER_EXTENSION = app;
			};
			name = Release;
		};
/* End XCBuildConfiguration section */

/* Begin XCConfigurationList section */
		77B0B9A913AF8C4800318C51 /* Build configuration list for PBXProject "iOutOf" */ = {
			isa = XCConfigurationList;
			buildConfigurations = (
				77B0B9CD13AF8C4800318C51 /* Debug */,
				77B0B9CE13AF8C4800318C51 /* Release */,
			);
			defaultConfigurationIsVisible = 0;
			defaultConfigurationName = Release;
		};
		77B0B9CF13AF8C4800318C51 /* Build configuration list for PBXNativeTarget "iOutOf" */ = {
			isa = XCConfigurationList;
			buildConfigurations = (
				77B0B9D013AF8C4800318C51 /* Debug */,
				77B0B9D113AF8C4800318C51 /* Release */,
			);
			defaultConfigurationIsVisible = 0;
			defaultConfigurationName = Release;
		};
/* End XCConfigurationList section */

/* Begin XCVersionGroup section */
		77B0B9CA13AF8C4800318C51 /* iOutOf.xcdatamodeld */ = {
			isa = XCVersionGroup;
			children = (
				77B0B9CB13AF8C4800318C51 /* iOutOf.xcdatamodel */,
			);
			currentVersion = 77B0B9CB13AF8C4800318C51 /* iOutOf.xcdatamodel */;
			path = iOutOf.xcdatamodeld;
			sourceTree = "<group>";
			versionGroupType = wrapper.xcdatamodel;
		};
/* End XCVersionGroup section */
	};
	rootObject = 77B0B9A613AF8C4800318C51 /* Project object */;
}
