// !$*UTF8*$!
{
	archiveVersion = 1;
	classes = {
	};
	objectVersion = 46;
	objects = {

/* Begin PBXBuildFile section */
		771391E614C4E20D00875FB3 /* BBShoppingCart.m in Sources */ = {isa = PBXBuildFile; fileRef = 771391E514C4E20D00875FB3 /* BBShoppingCart.m */; };
		771391E914C4E20D00875FB3 /* BBItemCategory.m in Sources */ = {isa = PBXBuildFile; fileRef = 771391E814C4E20D00875FB3 /* BBItemCategory.m */; };
		771391F014C4E2F600875FB3 /* BBStore+Logic.m in Sources */ = {isa = PBXBuildFile; fileRef = 771391EF14C4E2F600875FB3 /* BBStore+Logic.m */; };
		771391F314C4E40700875FB3 /* BBShoppingCart+Logic.m in Sources */ = {isa = PBXBuildFile; fileRef = 771391F214C4E40700875FB3 /* BBShoppingCart+Logic.m */; };
		771391F614C5081F00875FB3 /* BBDecoratorLabel.m in Sources */ = {isa = PBXBuildFile; fileRef = 771391F514C5081F00875FB3 /* BBDecoratorLabel.m */; };
		771391F914C51C8000875FB3 /* BBShoppingTableViewCell.m in Sources */ = {isa = PBXBuildFile; fileRef = 771391F814C51C8000875FB3 /* BBShoppingTableViewCell.m */; };
		772C337C14E4802100AFF043 /* BBEditStoreTableViewCell.m in Sources */ = {isa = PBXBuildFile; fileRef = 772C337B14E4802100AFF043 /* BBEditStoreTableViewCell.m */; };
		7745934014C5E80600EF1565 /* StoreTypes.plist in Resources */ = {isa = PBXBuildFile; fileRef = 7745933F14C5E80600EF1565 /* StoreTypes.plist */; };
		7745934414C5F7EE00EF1565 /* BBAddItemNotesViewController.m in Sources */ = {isa = PBXBuildFile; fileRef = 7745934314C5F7EE00EF1565 /* BBAddItemNotesViewController.m */; };
		7745934614C5FE7000EF1565 /* QuantityUnits.plist in Resources */ = {isa = PBXBuildFile; fileRef = 7745934514C5FE7000EF1565 /* QuantityUnits.plist */; };
		7745934C14C6133700EF1565 /* BBItem.m in Sources */ = {isa = PBXBuildFile; fileRef = 7745934B14C6133700EF1565 /* BBItem.m */; };
		778C1C5014BF70A800190DAE /* CategoryItems.plist in Resources */ = {isa = PBXBuildFile; fileRef = 778C1C4F14BF70A800190DAE /* CategoryItems.plist */; };
		77A4173214BDFEC200ACAAC1 /* UIKit.framework in Frameworks */ = {isa = PBXBuildFile; fileRef = 77A4173114BDFEC200ACAAC1 /* UIKit.framework */; };
		77A4173414BDFEC200ACAAC1 /* Foundation.framework in Frameworks */ = {isa = PBXBuildFile; fileRef = 77A4173314BDFEC200ACAAC1 /* Foundation.framework */; };
		77A4173614BDFEC200ACAAC1 /* CoreGraphics.framework in Frameworks */ = {isa = PBXBuildFile; fileRef = 77A4173514BDFEC200ACAAC1 /* CoreGraphics.framework */; };
		77A4173C14BDFEC200ACAAC1 /* InfoPlist.strings in Resources */ = {isa = PBXBuildFile; fileRef = 77A4173A14BDFEC200ACAAC1 /* InfoPlist.strings */; };
		77A4173E14BDFEC200ACAAC1 /* main.m in Sources */ = {isa = PBXBuildFile; fileRef = 77A4173D14BDFEC200ACAAC1 /* main.m */; };
		77A4174214BDFEC200ACAAC1 /* BBAppDelegate.m in Sources */ = {isa = PBXBuildFile; fileRef = 77A4174114BDFEC200ACAAC1 /* BBAppDelegate.m */; };
		77A4174514BDFEC200ACAAC1 /* MainStoryboard_iPhone.storyboard in Resources */ = {isa = PBXBuildFile; fileRef = 77A4174314BDFEC200ACAAC1 /* MainStoryboard_iPhone.storyboard */; };
		77A4174814BDFEC200ACAAC1 /* MainStoryboard_iPad.storyboard in Resources */ = {isa = PBXBuildFile; fileRef = 77A4174614BDFEC200ACAAC1 /* MainStoryboard_iPad.storyboard */; };
		77A4175314BDFEC200ACAAC1 /* SenTestingKit.framework in Frameworks */ = {isa = PBXBuildFile; fileRef = 77A4175214BDFEC200ACAAC1 /* SenTestingKit.framework */; };
		77A4175414BDFEC200ACAAC1 /* UIKit.framework in Frameworks */ = {isa = PBXBuildFile; fileRef = 77A4173114BDFEC200ACAAC1 /* UIKit.framework */; };
		77A4175514BDFEC200ACAAC1 /* Foundation.framework in Frameworks */ = {isa = PBXBuildFile; fileRef = 77A4173314BDFEC200ACAAC1 /* Foundation.framework */; };
		77A4175D14BDFEC200ACAAC1 /* InfoPlist.strings in Resources */ = {isa = PBXBuildFile; fileRef = 77A4175B14BDFEC200ACAAC1 /* InfoPlist.strings */; };
		77A4176014BDFEC200ACAAC1 /* iOutOfTests.m in Sources */ = {isa = PBXBuildFile; fileRef = 77A4175F14BDFEC200ACAAC1 /* iOutOfTests.m */; };
		77A4176F14BE0F6900ACAAC1 /* BBAddStoreTableViewController.m in Sources */ = {isa = PBXBuildFile; fileRef = 77A4176E14BE0F6900ACAAC1 /* BBAddStoreTableViewController.m */; };
		77A4177614BE0FEA00ACAAC1 /* BBItemCategoryViewController.m in Sources */ = {isa = PBXBuildFile; fileRef = 77A4177514BE0FEA00ACAAC1 /* BBItemCategoryViewController.m */; };
		77A4177914BE101300ACAAC1 /* BBAddItemTableViewController.m in Sources */ = {isa = PBXBuildFile; fileRef = 77A4177814BE101300ACAAC1 /* BBAddItemTableViewController.m */; };
		77A4178414BE110500ACAAC1 /* iOutOf.xcdatamodeld in Sources */ = {isa = PBXBuildFile; fileRef = 77A4178214BE110500ACAAC1 /* iOutOf.xcdatamodeld */; };
		77A4178614BE111100ACAAC1 /* CoreData.framework in Frameworks */ = {isa = PBXBuildFile; fileRef = 77A4178514BE111100ACAAC1 /* CoreData.framework */; };
		77A4178814BE113100ACAAC1 /* QuartzCore.framework in Frameworks */ = {isa = PBXBuildFile; fileRef = 77A4178714BE113100ACAAC1 /* QuartzCore.framework */; };
		77A4179014BE13A400ACAAC1 /* BBStorageManager.m in Sources */ = {isa = PBXBuildFile; fileRef = 77A4178F14BE13A400ACAAC1 /* BBStorageManager.m */; };
		77A417DF14BE174E00ACAAC1 /* BBStorageManager+Initialize.m in Sources */ = {isa = PBXBuildFile; fileRef = 77A417DE14BE174E00ACAAC1 /* BBStorageManager+Initialize.m */; };
		77A5210214E1988B00D42858 /* BBItemsViewController.m in Sources */ = {isa = PBXBuildFile; fileRef = 77A5210114E1988B00D42858 /* BBItemsViewController.m */; };
		77A5210914E1DC7900D42858 /* UIScrollView+Paging.m in Sources */ = {isa = PBXBuildFile; fileRef = 77A5210814E1DC7900D42858 /* UIScrollView+Paging.m */; };
		77A5210C14E23EBE00D42858 /* BBEditStoresViewController.m in Sources */ = {isa = PBXBuildFile; fileRef = 77A5210B14E23EBE00D42858 /* BBEditStoresViewController.m */; };
		77A5210F14E2440A00D42858 /* BBStore.m in Sources */ = {isa = PBXBuildFile; fileRef = 77A5210E14E2440A00D42858 /* BBStore.m */; };
		77AFC11C14E5B8AE0013C448 /* BBEditItemTableViewController.m in Sources */ = {isa = PBXBuildFile; fileRef = 77AFC11B14E5B8AE0013C448 /* BBEditItemTableViewController.m */; };
		77AFC12014E5BA3D0013C448 /* BBParentItemTableViewController.m in Sources */ = {isa = PBXBuildFile; fileRef = 77AFC11F14E5BA3D0013C448 /* BBParentItemTableViewController.m */; };
		77B931CA14DF82F700F7E2ED /* BBStoreShoppingViewController.m in Sources */ = {isa = PBXBuildFile; fileRef = 77B931C914DF82F600F7E2ED /* BBStoreShoppingViewController.m */; };
		77C4BE6814E4D0E900EDDDBE /* BBItemTableViewCell.m in Sources */ = {isa = PBXBuildFile; fileRef = 77C4BE6714E4D0E900EDDDBE /* BBItemTableViewCell.m */; };
		77C4BE6C14E4D72200EDDDBE /* table-cell-item-selected@2x.png in Resources */ = {isa = PBXBuildFile; fileRef = 77C4BE6A14E4D72200EDDDBE /* table-cell-item-selected@2x.png */; };
		77C4BE6D14E4D72200EDDDBE /* table-cell-item-unselected@2x.png in Resources */ = {isa = PBXBuildFile; fileRef = 77C4BE6B14E4D72200EDDDBE /* table-cell-item-unselected@2x.png */; };
		77D29C1C14DF25A300EB1EFE /* navbar-background-transparent.png in Resources */ = {isa = PBXBuildFile; fileRef = 77D29C1B14DF25A300EB1EFE /* navbar-background-transparent.png */; };
		77D29C2114DF510F00EB1EFE /* BBStoresViewController.m in Sources */ = {isa = PBXBuildFile; fileRef = 77D29C1F14DF510E00EB1EFE /* BBStoresViewController.m */; };
		77D29C2814DF5B9C00EB1EFE /* navbar-button-background@2x.png in Resources */ = {isa = PBXBuildFile; fileRef = 77D29C2714DF5B9C00EB1EFE /* navbar-button-background@2x.png */; };
/* End PBXBuildFile section */

/* Begin PBXContainerItemProxy section */
		77A4175614BDFEC200ACAAC1 /* PBXContainerItemProxy */ = {
			isa = PBXContainerItemProxy;
			containerPortal = 77A4172414BDFEC200ACAAC1 /* Project object */;
			proxyType = 1;
			remoteGlobalIDString = 77A4172C14BDFEC200ACAAC1;
			remoteInfo = iOutOf;
		};
/* End PBXContainerItemProxy section */

/* Begin PBXFileReference section */
		771391E414C4E20D00875FB3 /* BBShoppingCart.h */ = {isa = PBXFileReference; fileEncoding = 4; lastKnownFileType = sourcecode.c.h; path = BBShoppingCart.h; sourceTree = "<group>"; };
		771391E514C4E20D00875FB3 /* BBShoppingCart.m */ = {isa = PBXFileReference; fileEncoding = 4; lastKnownFileType = sourcecode.c.objc; path = BBShoppingCart.m; sourceTree = "<group>"; };
		771391E714C4E20D00875FB3 /* BBItemCategory.h */ = {isa = PBXFileReference; fileEncoding = 4; lastKnownFileType = sourcecode.c.h; path = BBItemCategory.h; sourceTree = "<group>"; };
		771391E814C4E20D00875FB3 /* BBItemCategory.m */ = {isa = PBXFileReference; fileEncoding = 4; lastKnownFileType = sourcecode.c.objc; path = BBItemCategory.m; sourceTree = "<group>"; };
		771391EE14C4E2F600875FB3 /* BBStore+Logic.h */ = {isa = PBXFileReference; fileEncoding = 4; lastKnownFileType = sourcecode.c.h; path = "BBStore+Logic.h"; sourceTree = "<group>"; };
		771391EF14C4E2F600875FB3 /* BBStore+Logic.m */ = {isa = PBXFileReference; fileEncoding = 4; lastKnownFileType = sourcecode.c.objc; path = "BBStore+Logic.m"; sourceTree = "<group>"; };
		771391F114C4E40700875FB3 /* BBShoppingCart+Logic.h */ = {isa = PBXFileReference; fileEncoding = 4; lastKnownFileType = sourcecode.c.h; path = "BBShoppingCart+Logic.h"; sourceTree = "<group>"; };
		771391F214C4E40700875FB3 /* BBShoppingCart+Logic.m */ = {isa = PBXFileReference; fileEncoding = 4; lastKnownFileType = sourcecode.c.objc; path = "BBShoppingCart+Logic.m"; sourceTree = "<group>"; };
		771391F414C5081F00875FB3 /* BBDecoratorLabel.h */ = {isa = PBXFileReference; fileEncoding = 4; lastKnownFileType = sourcecode.c.h; path = BBDecoratorLabel.h; sourceTree = "<group>"; };
		771391F514C5081F00875FB3 /* BBDecoratorLabel.m */ = {isa = PBXFileReference; fileEncoding = 4; lastKnownFileType = sourcecode.c.objc; path = BBDecoratorLabel.m; sourceTree = "<group>"; };
		771391F714C51C8000875FB3 /* BBShoppingTableViewCell.h */ = {isa = PBXFileReference; fileEncoding = 4; lastKnownFileType = sourcecode.c.h; path = BBShoppingTableViewCell.h; sourceTree = "<group>"; };
		771391F814C51C8000875FB3 /* BBShoppingTableViewCell.m */ = {isa = PBXFileReference; fileEncoding = 4; lastKnownFileType = sourcecode.c.objc; path = BBShoppingTableViewCell.m; sourceTree = "<group>"; };
		772C337A14E4802100AFF043 /* BBEditStoreTableViewCell.h */ = {isa = PBXFileReference; fileEncoding = 4; lastKnownFileType = sourcecode.c.h; path = BBEditStoreTableViewCell.h; sourceTree = "<group>"; };
		772C337B14E4802100AFF043 /* BBEditStoreTableViewCell.m */ = {isa = PBXFileReference; fileEncoding = 4; lastKnownFileType = sourcecode.c.objc; path = BBEditStoreTableViewCell.m; sourceTree = "<group>"; };
		7745933F14C5E80600EF1565 /* StoreTypes.plist */ = {isa = PBXFileReference; fileEncoding = 4; lastKnownFileType = text.plist.xml; path = StoreTypes.plist; sourceTree = "<group>"; };
		7745934214C5F7EE00EF1565 /* BBAddItemNotesViewController.h */ = {isa = PBXFileReference; fileEncoding = 4; lastKnownFileType = sourcecode.c.h; path = BBAddItemNotesViewController.h; sourceTree = "<group>"; };
		7745934314C5F7EE00EF1565 /* BBAddItemNotesViewController.m */ = {isa = PBXFileReference; fileEncoding = 4; lastKnownFileType = sourcecode.c.objc; path = BBAddItemNotesViewController.m; sourceTree = "<group>"; };
		7745934514C5FE7000EF1565 /* QuantityUnits.plist */ = {isa = PBXFileReference; fileEncoding = 4; lastKnownFileType = text.plist.xml; path = QuantityUnits.plist; sourceTree = "<group>"; };
		7745934A14C6133700EF1565 /* BBItem.h */ = {isa = PBXFileReference; fileEncoding = 4; lastKnownFileType = sourcecode.c.h; path = BBItem.h; sourceTree = "<group>"; };
		7745934B14C6133700EF1565 /* BBItem.m */ = {isa = PBXFileReference; fileEncoding = 4; lastKnownFileType = sourcecode.c.objc; path = BBItem.m; sourceTree = "<group>"; };
		778C1C4F14BF70A800190DAE /* CategoryItems.plist */ = {isa = PBXFileReference; fileEncoding = 4; lastKnownFileType = text.plist.xml; path = CategoryItems.plist; sourceTree = "<group>"; };
		77A4172D14BDFEC200ACAAC1 /* Shopable.app */ = {isa = PBXFileReference; explicitFileType = wrapper.application; includeInIndex = 0; path = Shopable.app; sourceTree = BUILT_PRODUCTS_DIR; };
		77A4173114BDFEC200ACAAC1 /* UIKit.framework */ = {isa = PBXFileReference; lastKnownFileType = wrapper.framework; name = UIKit.framework; path = System/Library/Frameworks/UIKit.framework; sourceTree = SDKROOT; };
		77A4173314BDFEC200ACAAC1 /* Foundation.framework */ = {isa = PBXFileReference; lastKnownFileType = wrapper.framework; name = Foundation.framework; path = System/Library/Frameworks/Foundation.framework; sourceTree = SDKROOT; };
		77A4173514BDFEC200ACAAC1 /* CoreGraphics.framework */ = {isa = PBXFileReference; lastKnownFileType = wrapper.framework; name = CoreGraphics.framework; path = System/Library/Frameworks/CoreGraphics.framework; sourceTree = SDKROOT; };
		77A4173914BDFEC200ACAAC1 /* iOutOf-Info.plist */ = {isa = PBXFileReference; lastKnownFileType = text.plist.xml; path = "iOutOf-Info.plist"; sourceTree = "<group>"; };
		77A4173B14BDFEC200ACAAC1 /* en */ = {isa = PBXFileReference; lastKnownFileType = text.plist.strings; name = en; path = en.lproj/InfoPlist.strings; sourceTree = "<group>"; };
		77A4173D14BDFEC200ACAAC1 /* main.m */ = {isa = PBXFileReference; lastKnownFileType = sourcecode.c.objc; path = main.m; sourceTree = "<group>"; };
		77A4173F14BDFEC200ACAAC1 /* iOutOf-Prefix.pch */ = {isa = PBXFileReference; lastKnownFileType = sourcecode.c.h; path = "iOutOf-Prefix.pch"; sourceTree = "<group>"; };
		77A4174014BDFEC200ACAAC1 /* BBAppDelegate.h */ = {isa = PBXFileReference; lastKnownFileType = sourcecode.c.h; path = BBAppDelegate.h; sourceTree = "<group>"; };
		77A4174114BDFEC200ACAAC1 /* BBAppDelegate.m */ = {isa = PBXFileReference; lastKnownFileType = sourcecode.c.objc; path = BBAppDelegate.m; sourceTree = "<group>"; };
		77A4174414BDFEC200ACAAC1 /* en */ = {isa = PBXFileReference; lastKnownFileType = file.storyboard; name = en; path = en.lproj/MainStoryboard_iPhone.storyboard; sourceTree = "<group>"; };
		77A4174714BDFEC200ACAAC1 /* en */ = {isa = PBXFileReference; lastKnownFileType = file.storyboard; name = en; path = en.lproj/MainStoryboard_iPad.storyboard; sourceTree = "<group>"; };
		77A4175114BDFEC200ACAAC1 /* iOutOfTests.octest */ = {isa = PBXFileReference; explicitFileType = wrapper.cfbundle; includeInIndex = 0; path = iOutOfTests.octest; sourceTree = BUILT_PRODUCTS_DIR; };
		77A4175214BDFEC200ACAAC1 /* SenTestingKit.framework */ = {isa = PBXFileReference; lastKnownFileType = wrapper.framework; name = SenTestingKit.framework; path = Library/Frameworks/SenTestingKit.framework; sourceTree = DEVELOPER_DIR; };
		77A4175A14BDFEC200ACAAC1 /* iOutOfTests-Info.plist */ = {isa = PBXFileReference; lastKnownFileType = text.plist.xml; path = "iOutOfTests-Info.plist"; sourceTree = "<group>"; };
		77A4175C14BDFEC200ACAAC1 /* en */ = {isa = PBXFileReference; lastKnownFileType = text.plist.strings; name = en; path = en.lproj/InfoPlist.strings; sourceTree = "<group>"; };
		77A4175E14BDFEC200ACAAC1 /* iOutOfTests.h */ = {isa = PBXFileReference; lastKnownFileType = sourcecode.c.h; path = iOutOfTests.h; sourceTree = "<group>"; };
		77A4175F14BDFEC200ACAAC1 /* iOutOfTests.m */ = {isa = PBXFileReference; lastKnownFileType = sourcecode.c.objc; path = iOutOfTests.m; sourceTree = "<group>"; };
		77A4176D14BE0F6900ACAAC1 /* BBAddStoreTableViewController.h */ = {isa = PBXFileReference; fileEncoding = 4; lastKnownFileType = sourcecode.c.h; path = BBAddStoreTableViewController.h; sourceTree = "<group>"; };
		77A4176E14BE0F6900ACAAC1 /* BBAddStoreTableViewController.m */ = {isa = PBXFileReference; fileEncoding = 4; lastKnownFileType = sourcecode.c.objc; path = BBAddStoreTableViewController.m; sourceTree = "<group>"; };
		77A4177514BE0FEA00ACAAC1 /* BBItemCategoryViewController.m */ = {isa = PBXFileReference; fileEncoding = 4; lastKnownFileType = sourcecode.c.objc; path = BBItemCategoryViewController.m; sourceTree = "<group>"; };
		77A4177714BE101300ACAAC1 /* BBAddItemTableViewController.h */ = {isa = PBXFileReference; fileEncoding = 4; lastKnownFileType = sourcecode.c.h; path = BBAddItemTableViewController.h; sourceTree = "<group>"; };
		77A4177814BE101300ACAAC1 /* BBAddItemTableViewController.m */ = {isa = PBXFileReference; fileEncoding = 4; lastKnownFileType = sourcecode.c.objc; path = BBAddItemTableViewController.m; sourceTree = "<group>"; };
		77A4178314BE110500ACAAC1 /* iOutOf.xcdatamodel */ = {isa = PBXFileReference; lastKnownFileType = wrapper.xcdatamodel; path = iOutOf.xcdatamodel; sourceTree = "<group>"; };
		77A4178514BE111100ACAAC1 /* CoreData.framework */ = {isa = PBXFileReference; lastKnownFileType = wrapper.framework; name = CoreData.framework; path = System/Library/Frameworks/CoreData.framework; sourceTree = SDKROOT; };
		77A4178714BE113100ACAAC1 /* QuartzCore.framework */ = {isa = PBXFileReference; lastKnownFileType = wrapper.framework; name = QuartzCore.framework; path = System/Library/Frameworks/QuartzCore.framework; sourceTree = SDKROOT; };
		77A4178E14BE13A400ACAAC1 /* BBStorageManager.h */ = {isa = PBXFileReference; fileEncoding = 4; lastKnownFileType = sourcecode.c.h; path = BBStorageManager.h; sourceTree = "<group>"; };
		77A4178F14BE13A400ACAAC1 /* BBStorageManager.m */ = {isa = PBXFileReference; fileEncoding = 4; lastKnownFileType = sourcecode.c.objc; path = BBStorageManager.m; sourceTree = "<group>"; };
		77A417DD14BE174E00ACAAC1 /* BBStorageManager+Initialize.h */ = {isa = PBXFileReference; fileEncoding = 4; lastKnownFileType = sourcecode.c.h; path = "BBStorageManager+Initialize.h"; sourceTree = "<group>"; };
		77A417DE14BE174E00ACAAC1 /* BBStorageManager+Initialize.m */ = {isa = PBXFileReference; fileEncoding = 4; lastKnownFileType = sourcecode.c.objc; path = "BBStorageManager+Initialize.m"; sourceTree = "<group>"; };
		77A417E214BE1E6E00ACAAC1 /* BBStorageConstants.h */ = {isa = PBXFileReference; fileEncoding = 4; lastKnownFileType = sourcecode.c.h; path = BBStorageConstants.h; sourceTree = "<group>"; };
		77A520FF14E0D0DA00D42858 /* BBItemCategoryViewController.h */ = {isa = PBXFileReference; fileEncoding = 4; lastKnownFileType = sourcecode.c.h; path = BBItemCategoryViewController.h; sourceTree = "<group>"; };
		77A5210014E1988B00D42858 /* BBItemsViewController.h */ = {isa = PBXFileReference; fileEncoding = 4; lastKnownFileType = sourcecode.c.h; path = BBItemsViewController.h; sourceTree = "<group>"; };
		77A5210114E1988B00D42858 /* BBItemsViewController.m */ = {isa = PBXFileReference; fileEncoding = 4; lastKnownFileType = sourcecode.c.objc; path = BBItemsViewController.m; sourceTree = "<group>"; };
		77A5210714E1DC7900D42858 /* UIScrollView+Paging.h */ = {isa = PBXFileReference; fileEncoding = 4; lastKnownFileType = sourcecode.c.h; path = "UIScrollView+Paging.h"; sourceTree = "<group>"; };
		77A5210814E1DC7900D42858 /* UIScrollView+Paging.m */ = {isa = PBXFileReference; fileEncoding = 4; lastKnownFileType = sourcecode.c.objc; path = "UIScrollView+Paging.m"; sourceTree = "<group>"; };
		77A5210A14E23EBE00D42858 /* BBEditStoresViewController.h */ = {isa = PBXFileReference; fileEncoding = 4; lastKnownFileType = sourcecode.c.h; path = BBEditStoresViewController.h; sourceTree = "<group>"; };
		77A5210B14E23EBE00D42858 /* BBEditStoresViewController.m */ = {isa = PBXFileReference; fileEncoding = 4; lastKnownFileType = sourcecode.c.objc; path = BBEditStoresViewController.m; sourceTree = "<group>"; };
		77A5210D14E2440A00D42858 /* BBStore.h */ = {isa = PBXFileReference; fileEncoding = 4; lastKnownFileType = sourcecode.c.h; path = BBStore.h; sourceTree = "<group>"; };
		77A5210E14E2440A00D42858 /* BBStore.m */ = {isa = PBXFileReference; fileEncoding = 4; lastKnownFileType = sourcecode.c.objc; path = BBStore.m; sourceTree = "<group>"; };
		77AFC11A14E5B8AE0013C448 /* BBEditItemTableViewController.h */ = {isa = PBXFileReference; fileEncoding = 4; lastKnownFileType = sourcecode.c.h; path = BBEditItemTableViewController.h; sourceTree = "<group>"; };
		77AFC11B14E5B8AE0013C448 /* BBEditItemTableViewController.m */ = {isa = PBXFileReference; fileEncoding = 4; lastKnownFileType = sourcecode.c.objc; path = BBEditItemTableViewController.m; sourceTree = "<group>"; };
		77AFC11E14E5BA3D0013C448 /* BBParentItemTableViewController.h */ = {isa = PBXFileReference; fileEncoding = 4; lastKnownFileType = sourcecode.c.h; path = BBParentItemTableViewController.h; sourceTree = "<group>"; };
		77AFC11F14E5BA3D0013C448 /* BBParentItemTableViewController.m */ = {isa = PBXFileReference; fileEncoding = 4; lastKnownFileType = sourcecode.c.objc; path = BBParentItemTableViewController.m; sourceTree = "<group>"; };
		77B931C814DF82F600F7E2ED /* BBStoreShoppingViewController.h */ = {isa = PBXFileReference; fileEncoding = 4; lastKnownFileType = sourcecode.c.h; path = BBStoreShoppingViewController.h; sourceTree = "<group>"; };
		77B931C914DF82F600F7E2ED /* BBStoreShoppingViewController.m */ = {isa = PBXFileReference; fileEncoding = 4; lastKnownFileType = sourcecode.c.objc; path = BBStoreShoppingViewController.m; sourceTree = "<group>"; };
		77C4BE6614E4D0E900EDDDBE /* BBItemTableViewCell.h */ = {isa = PBXFileReference; fileEncoding = 4; lastKnownFileType = sourcecode.c.h; path = BBItemTableViewCell.h; sourceTree = "<group>"; };
		77C4BE6714E4D0E900EDDDBE /* BBItemTableViewCell.m */ = {isa = PBXFileReference; fileEncoding = 4; lastKnownFileType = sourcecode.c.objc; path = BBItemTableViewCell.m; sourceTree = "<group>"; };
		77C4BE6A14E4D72200EDDDBE /* table-cell-item-selected@2x.png */ = {isa = PBXFileReference; lastKnownFileType = image.png; path = "table-cell-item-selected@2x.png"; sourceTree = "<group>"; };
		77C4BE6B14E4D72200EDDDBE /* table-cell-item-unselected@2x.png */ = {isa = PBXFileReference; lastKnownFileType = image.png; path = "table-cell-item-unselected@2x.png"; sourceTree = "<group>"; };
		77D29C1B14DF25A300EB1EFE /* navbar-background-transparent.png */ = {isa = PBXFileReference; lastKnownFileType = image.png; path = "navbar-background-transparent.png"; sourceTree = "<group>"; };
		77D29C1E14DF510E00EB1EFE /* BBStoresViewController.h */ = {isa = PBXFileReference; fileEncoding = 4; lastKnownFileType = sourcecode.c.h; path = BBStoresViewController.h; sourceTree = "<group>"; };
		77D29C1F14DF510E00EB1EFE /* BBStoresViewController.m */ = {isa = PBXFileReference; fileEncoding = 4; lastKnownFileType = sourcecode.c.objc; path = BBStoresViewController.m; sourceTree = "<group>"; };
		77D29C2714DF5B9C00EB1EFE /* navbar-button-background@2x.png */ = {isa = PBXFileReference; lastKnownFileType = image.png; path = "navbar-button-background@2x.png"; sourceTree = "<group>"; };
/* End PBXFileReference section */

/* Begin PBXFrameworksBuildPhase section */
		77A4172A14BDFEC200ACAAC1 /* Frameworks */ = {
			isa = PBXFrameworksBuildPhase;
			buildActionMask = 2147483647;
			files = (
				77A4178814BE113100ACAAC1 /* QuartzCore.framework in Frameworks */,
				77A4178614BE111100ACAAC1 /* CoreData.framework in Frameworks */,
				77A4173214BDFEC200ACAAC1 /* UIKit.framework in Frameworks */,
				77A4173414BDFEC200ACAAC1 /* Foundation.framework in Frameworks */,
				77A4173614BDFEC200ACAAC1 /* CoreGraphics.framework in Frameworks */,
			);
			runOnlyForDeploymentPostprocessing = 0;
		};
		77A4174D14BDFEC200ACAAC1 /* Frameworks */ = {
			isa = PBXFrameworksBuildPhase;
			buildActionMask = 2147483647;
			files = (
				77A4175314BDFEC200ACAAC1 /* SenTestingKit.framework in Frameworks */,
				77A4175414BDFEC200ACAAC1 /* UIKit.framework in Frameworks */,
				77A4175514BDFEC200ACAAC1 /* Foundation.framework in Frameworks */,
			);
			runOnlyForDeploymentPostprocessing = 0;
		};
/* End PBXFrameworksBuildPhase section */

/* Begin PBXGroup section */
		771391ED14C4E2CE00875FB3 /* Categories */ = {
			isa = PBXGroup;
			children = (
				771391F114C4E40700875FB3 /* BBShoppingCart+Logic.h */,
				771391F214C4E40700875FB3 /* BBShoppingCart+Logic.m */,
				771391EE14C4E2F600875FB3 /* BBStore+Logic.h */,
				771391EF14C4E2F600875FB3 /* BBStore+Logic.m */,
			);
			name = Categories;
			sourceTree = "<group>";
		};
		772C337814E4800200AFF043 /* Support */ = {
			isa = PBXGroup;
			children = (
				772C337A14E4802100AFF043 /* BBEditStoreTableViewCell.h */,
				772C337B14E4802100AFF043 /* BBEditStoreTableViewCell.m */,
			);
			name = Support;
			sourceTree = "<group>";
		};
		77A4172214BDFEC200ACAAC1 = {
			isa = PBXGroup;
			children = (
				77A4173714BDFEC200ACAAC1 /* iOutOf */,
				77A4175814BDFEC200ACAAC1 /* iOutOfTests */,
				77A4173014BDFEC200ACAAC1 /* Frameworks */,
				77A4172E14BDFEC200ACAAC1 /* Products */,
			);
			sourceTree = "<group>";
		};
		77A4172E14BDFEC200ACAAC1 /* Products */ = {
			isa = PBXGroup;
			children = (
				77A4172D14BDFEC200ACAAC1 /* Shopable.app */,
				77A4175114BDFEC200ACAAC1 /* iOutOfTests.octest */,
			);
			name = Products;
			sourceTree = "<group>";
		};
		77A4173014BDFEC200ACAAC1 /* Frameworks */ = {
			isa = PBXGroup;
			children = (
				77A4178514BE111100ACAAC1 /* CoreData.framework */,
				77A4173514BDFEC200ACAAC1 /* CoreGraphics.framework */,
				77A4173314BDFEC200ACAAC1 /* Foundation.framework */,
				77A4178714BE113100ACAAC1 /* QuartzCore.framework */,
				77A4175214BDFEC200ACAAC1 /* SenTestingKit.framework */,
				77A4173114BDFEC200ACAAC1 /* UIKit.framework */,
			);
			name = Frameworks;
			sourceTree = "<group>";
		};
		77A4173714BDFEC200ACAAC1 /* iOutOf */ = {
			isa = PBXGroup;
			children = (
				77A4174014BDFEC200ACAAC1 /* BBAppDelegate.h */,
				77A4174114BDFEC200ACAAC1 /* BBAppDelegate.m */,
				77D29C2914DF5E9C00EB1EFE /* Categories */,
				77A4178D14BE138800ACAAC1 /* Data */,
				77A4174614BDFEC200ACAAC1 /* MainStoryboard_iPad.storyboard */,
				77A4174314BDFEC200ACAAC1 /* MainStoryboard_iPhone.storyboard */,
				77A4177014BE0F8E00ACAAC1 /* Shopping */,
				77A4176914BE0F1C00ACAAC1 /* Stores */,
				77A4173814BDFEC200ACAAC1 /* Supporting Files */,
			);
			path = iOutOf;
			sourceTree = "<group>";
		};
		77A4173814BDFEC200ACAAC1 /* Supporting Files */ = {
			isa = PBXGroup;
			children = (
				778C1C4F14BF70A800190DAE /* CategoryItems.plist */,
				77A4178114BE10F100ACAAC1 /* Core Data */,
				77BA5C1114BFD36600A0D646 /* Images */,
				77A4173A14BDFEC200ACAAC1 /* InfoPlist.strings */,
				77A4173914BDFEC200ACAAC1 /* iOutOf-Info.plist */,
				77A4173F14BDFEC200ACAAC1 /* iOutOf-Prefix.pch */,
				77A4173D14BDFEC200ACAAC1 /* main.m */,
				7745934514C5FE7000EF1565 /* QuantityUnits.plist */,
				7745933F14C5E80600EF1565 /* StoreTypes.plist */,
			);
			name = "Supporting Files";
			sourceTree = "<group>";
		};
		77A4175814BDFEC200ACAAC1 /* iOutOfTests */ = {
			isa = PBXGroup;
			children = (
				77A4175E14BDFEC200ACAAC1 /* iOutOfTests.h */,
				77A4175F14BDFEC200ACAAC1 /* iOutOfTests.m */,
				77A4175914BDFEC200ACAAC1 /* Supporting Files */,
			);
			path = iOutOfTests;
			sourceTree = "<group>";
		};
		77A4175914BDFEC200ACAAC1 /* Supporting Files */ = {
			isa = PBXGroup;
			children = (
				77A4175A14BDFEC200ACAAC1 /* iOutOfTests-Info.plist */,
				77A4175B14BDFEC200ACAAC1 /* InfoPlist.strings */,
			);
			name = "Supporting Files";
			sourceTree = "<group>";
		};
		77A4176914BE0F1C00ACAAC1 /* Stores */ = {
			isa = PBXGroup;
			children = (
				77A4176D14BE0F6900ACAAC1 /* BBAddStoreTableViewController.h */,
				77A4176E14BE0F6900ACAAC1 /* BBAddStoreTableViewController.m */,
				77A5210A14E23EBE00D42858 /* BBEditStoresViewController.h */,
				77A5210B14E23EBE00D42858 /* BBEditStoresViewController.m */,
				77D29C1E14DF510E00EB1EFE /* BBStoresViewController.h */,
				77D29C1F14DF510E00EB1EFE /* BBStoresViewController.m */,
				772C337814E4800200AFF043 /* Support */,
			);
			name = Stores;
			sourceTree = "<group>";
		};
		77A4177014BE0F8E00ACAAC1 /* Shopping */ = {
			isa = PBXGroup;
			children = (
				7745934214C5F7EE00EF1565 /* BBAddItemNotesViewController.h */,
				7745934314C5F7EE00EF1565 /* BBAddItemNotesViewController.m */,
				77A4177714BE101300ACAAC1 /* BBAddItemTableViewController.h */,
				77A4177814BE101300ACAAC1 /* BBAddItemTableViewController.m */,
				77AFC11A14E5B8AE0013C448 /* BBEditItemTableViewController.h */,
				77AFC11B14E5B8AE0013C448 /* BBEditItemTableViewController.m */,
				77A520FF14E0D0DA00D42858 /* BBItemCategoryViewController.h */,
				77A4177514BE0FEA00ACAAC1 /* BBItemCategoryViewController.m */,
				77A5210014E1988B00D42858 /* BBItemsViewController.h */,
				77A5210114E1988B00D42858 /* BBItemsViewController.m */,
				77B931C814DF82F600F7E2ED /* BBStoreShoppingViewController.h */,
				77B931C914DF82F600F7E2ED /* BBStoreShoppingViewController.m */,
				77BA5C0A14BFC62100A0D646 /* Support */,
			);
			name = Shopping;
			sourceTree = "<group>";
		};
		77A4178114BE10F100ACAAC1 /* Core Data */ = {
			isa = PBXGroup;
			children = (
				77A4178214BE110500ACAAC1 /* iOutOf.xcdatamodeld */,
			);
			name = "Core Data";
			sourceTree = "<group>";
		};
		77A4178D14BE138800ACAAC1 /* Data */ = {
			isa = PBXGroup;
			children = (
				77A417E214BE1E6E00ACAAC1 /* BBStorageConstants.h */,
				77A417DD14BE174E00ACAAC1 /* BBStorageManager+Initialize.h */,
				77A417DE14BE174E00ACAAC1 /* BBStorageManager+Initialize.m */,
				77A4178E14BE13A400ACAAC1 /* BBStorageManager.h */,
				77A4178F14BE13A400ACAAC1 /* BBStorageManager.m */,
				771391ED14C4E2CE00875FB3 /* Categories */,
				77A417E114BE1DAC00ACAAC1 /* Entities */,
			);
			name = Data;
			sourceTree = "<group>";
		};
		77A417E114BE1DAC00ACAAC1 /* Entities */ = {
			isa = PBXGroup;
			children = (
				7745934A14C6133700EF1565 /* BBItem.h */,
				7745934B14C6133700EF1565 /* BBItem.m */,
				771391E714C4E20D00875FB3 /* BBItemCategory.h */,
				771391E814C4E20D00875FB3 /* BBItemCategory.m */,
				771391E414C4E20D00875FB3 /* BBShoppingCart.h */,
				771391E514C4E20D00875FB3 /* BBShoppingCart.m */,
				77A5210D14E2440A00D42858 /* BBStore.h */,
				77A5210E14E2440A00D42858 /* BBStore.m */,
			);
			name = Entities;
			sourceTree = "<group>";
		};
		77BA5C0A14BFC62100A0D646 /* Support */ = {
			isa = PBXGroup;
			children = (
				771391F414C5081F00875FB3 /* BBDecoratorLabel.h */,
				771391F514C5081F00875FB3 /* BBDecoratorLabel.m */,
				77C4BE6614E4D0E900EDDDBE /* BBItemTableViewCell.h */,
				77C4BE6714E4D0E900EDDDBE /* BBItemTableViewCell.m */,
				77AFC11E14E5BA3D0013C448 /* BBParentItemTableViewController.h */,
				77AFC11F14E5BA3D0013C448 /* BBParentItemTableViewController.m */,
				771391F714C51C8000875FB3 /* BBShoppingTableViewCell.h */,
				771391F814C51C8000875FB3 /* BBShoppingTableViewCell.m */,
			);
			name = Support;
			sourceTree = "<group>";
		};
		77BA5C1114BFD36600A0D646 /* Images */ = {
			isa = PBXGroup;
			children = (
				77C4BE6A14E4D72200EDDDBE /* table-cell-item-selected@2x.png */,
				77C4BE6B14E4D72200EDDDBE /* table-cell-item-unselected@2x.png */,
				77D29C2714DF5B9C00EB1EFE /* navbar-button-background@2x.png */,
				77D29C1B14DF25A300EB1EFE /* navbar-background-transparent.png */,
			);
			name = Images;
			sourceTree = "<group>";
		};
		77D29C2914DF5E9C00EB1EFE /* Categories */ = {
			isa = PBXGroup;
			children = (
				77A5210714E1DC7900D42858 /* UIScrollView+Paging.h */,
				77A5210814E1DC7900D42858 /* UIScrollView+Paging.m */,
			);
			name = Categories;
			sourceTree = "<group>";
		};
/* End PBXGroup section */

/* Begin PBXNativeTarget section */
		77A4172C14BDFEC200ACAAC1 /* iOutOf */ = {
			isa = PBXNativeTarget;
			buildConfigurationList = 77A4176314BDFEC200ACAAC1 /* Build configuration list for PBXNativeTarget "iOutOf" */;
			buildPhases = (
				77A4172914BDFEC200ACAAC1 /* Sources */,
				77A4172A14BDFEC200ACAAC1 /* Frameworks */,
				77A4172B14BDFEC200ACAAC1 /* Resources */,
			);
			buildRules = (
			);
			dependencies = (
			);
			name = iOutOf;
			productName = iOutOf;
			productReference = 77A4172D14BDFEC200ACAAC1 /* Shopable.app */;
			productType = "com.apple.product-type.application";
		};
		77A4175014BDFEC200ACAAC1 /* iOutOfTests */ = {
			isa = PBXNativeTarget;
			buildConfigurationList = 77A4176614BDFEC200ACAAC1 /* Build configuration list for PBXNativeTarget "iOutOfTests" */;
			buildPhases = (
				77A4174C14BDFEC200ACAAC1 /* Sources */,
				77A4174D14BDFEC200ACAAC1 /* Frameworks */,
				77A4174E14BDFEC200ACAAC1 /* Resources */,
				77A4174F14BDFEC200ACAAC1 /* ShellScript */,
			);
			buildRules = (
			);
			dependencies = (
				77A4175714BDFEC200ACAAC1 /* PBXTargetDependency */,
			);
			name = iOutOfTests;
			productName = iOutOfTests;
			productReference = 77A4175114BDFEC200ACAAC1 /* iOutOfTests.octest */;
			productType = "com.apple.product-type.bundle";
		};
/* End PBXNativeTarget section */

/* Begin PBXProject section */
		77A4172414BDFEC200ACAAC1 /* Project object */ = {
			isa = PBXProject;
			attributes = {
				LastUpgradeCheck = 0420;
				ORGANIZATIONNAME = "Basically Bits, LLC";
			};
			buildConfigurationList = 77A4172714BDFEC200ACAAC1 /* Build configuration list for PBXProject "iOutOf" */;
			compatibilityVersion = "Xcode 3.2";
			developmentRegion = English;
			hasScannedForEncodings = 0;
			knownRegions = (
				en,
			);
			mainGroup = 77A4172214BDFEC200ACAAC1;
			productRefGroup = 77A4172E14BDFEC200ACAAC1 /* Products */;
			projectDirPath = "";
			projectRoot = "";
			targets = (
				77A4172C14BDFEC200ACAAC1 /* iOutOf */,
				77A4175014BDFEC200ACAAC1 /* iOutOfTests */,
			);
		};
/* End PBXProject section */

/* Begin PBXResourcesBuildPhase section */
		77A4172B14BDFEC200ACAAC1 /* Resources */ = {
			isa = PBXResourcesBuildPhase;
			buildActionMask = 2147483647;
			files = (
				77A4173C14BDFEC200ACAAC1 /* InfoPlist.strings in Resources */,
				77A4174514BDFEC200ACAAC1 /* MainStoryboard_iPhone.storyboard in Resources */,
				77A4174814BDFEC200ACAAC1 /* MainStoryboard_iPad.storyboard in Resources */,
				778C1C5014BF70A800190DAE /* CategoryItems.plist in Resources */,
				7745934014C5E80600EF1565 /* StoreTypes.plist in Resources */,
				7745934614C5FE7000EF1565 /* QuantityUnits.plist in Resources */,
				77D29C1C14DF25A300EB1EFE /* navbar-background-transparent.png in Resources */,
				77D29C2814DF5B9C00EB1EFE /* navbar-button-background@2x.png in Resources */,
				77C4BE6C14E4D72200EDDDBE /* table-cell-item-selected@2x.png in Resources */,
				77C4BE6D14E4D72200EDDDBE /* table-cell-item-unselected@2x.png in Resources */,
			);
			runOnlyForDeploymentPostprocessing = 0;
		};
		77A4174E14BDFEC200ACAAC1 /* Resources */ = {
			isa = PBXResourcesBuildPhase;
			buildActionMask = 2147483647;
			files = (
				77A4175D14BDFEC200ACAAC1 /* InfoPlist.strings in Resources */,
			);
			runOnlyForDeploymentPostprocessing = 0;
		};
/* End PBXResourcesBuildPhase section */

/* Begin PBXShellScriptBuildPhase section */
		77A4174F14BDFEC200ACAAC1 /* ShellScript */ = {
			isa = PBXShellScriptBuildPhase;
			buildActionMask = 2147483647;
			files = (
			);
			inputPaths = (
			);
			outputPaths = (
			);
			runOnlyForDeploymentPostprocessing = 0;
			shellPath = /bin/sh;
			shellScript = "# Run the unit tests in this test bundle.\n\"${SYSTEM_DEVELOPER_DIR}/Tools/RunUnitTests\"\n";
		};
/* End PBXShellScriptBuildPhase section */

/* Begin PBXSourcesBuildPhase section */
		77A4172914BDFEC200ACAAC1 /* Sources */ = {
			isa = PBXSourcesBuildPhase;
			buildActionMask = 2147483647;
			files = (
				77A4173E14BDFEC200ACAAC1 /* main.m in Sources */,
				77A4174214BDFEC200ACAAC1 /* BBAppDelegate.m in Sources */,
				77A4176F14BE0F6900ACAAC1 /* BBAddStoreTableViewController.m in Sources */,
				77A4177614BE0FEA00ACAAC1 /* BBItemCategoryViewController.m in Sources */,
				77A4177914BE101300ACAAC1 /* BBAddItemTableViewController.m in Sources */,
				77A4178414BE110500ACAAC1 /* iOutOf.xcdatamodeld in Sources */,
				77A4179014BE13A400ACAAC1 /* BBStorageManager.m in Sources */,
				77A417DF14BE174E00ACAAC1 /* BBStorageManager+Initialize.m in Sources */,
				771391E614C4E20D00875FB3 /* BBShoppingCart.m in Sources */,
				771391E914C4E20D00875FB3 /* BBItemCategory.m in Sources */,
				771391F014C4E2F600875FB3 /* BBStore+Logic.m in Sources */,
				771391F314C4E40700875FB3 /* BBShoppingCart+Logic.m in Sources */,
				771391F614C5081F00875FB3 /* BBDecoratorLabel.m in Sources */,
				771391F914C51C8000875FB3 /* BBShoppingTableViewCell.m in Sources */,
				7745934414C5F7EE00EF1565 /* BBAddItemNotesViewController.m in Sources */,
				7745934C14C6133700EF1565 /* BBItem.m in Sources */,
				77D29C2114DF510F00EB1EFE /* BBStoresViewController.m in Sources */,
				77B931CA14DF82F700F7E2ED /* BBStoreShoppingViewController.m in Sources */,
				77A5210214E1988B00D42858 /* BBItemsViewController.m in Sources */,
				77A5210914E1DC7900D42858 /* UIScrollView+Paging.m in Sources */,
				77A5210C14E23EBE00D42858 /* BBEditStoresViewController.m in Sources */,
				77A5210F14E2440A00D42858 /* BBStore.m in Sources */,
				772C337C14E4802100AFF043 /* BBEditStoreTableViewCell.m in Sources */,
				77C4BE6814E4D0E900EDDDBE /* BBItemTableViewCell.m in Sources */,
				77AFC11C14E5B8AE0013C448 /* BBEditItemTableViewController.m in Sources */,
				77AFC12014E5BA3D0013C448 /* BBParentItemTableViewController.m in Sources */,
			);
			runOnlyForDeploymentPostprocessing = 0;
		};
		77A4174C14BDFEC200ACAAC1 /* Sources */ = {
			isa = PBXSourcesBuildPhase;
			buildActionMask = 2147483647;
			files = (
				77A4176014BDFEC200ACAAC1 /* iOutOfTests.m in Sources */,
			);
			runOnlyForDeploymentPostprocessing = 0;
		};
/* End PBXSourcesBuildPhase section */

/* Begin PBXTargetDependency section */
		77A4175714BDFEC200ACAAC1 /* PBXTargetDependency */ = {
			isa = PBXTargetDependency;
			target = 77A4172C14BDFEC200ACAAC1 /* iOutOf */;
			targetProxy = 77A4175614BDFEC200ACAAC1 /* PBXContainerItemProxy */;
		};
/* End PBXTargetDependency section */

/* Begin PBXVariantGroup section */
		77A4173A14BDFEC200ACAAC1 /* InfoPlist.strings */ = {
			isa = PBXVariantGroup;
			children = (
				77A4173B14BDFEC200ACAAC1 /* en */,
			);
			name = InfoPlist.strings;
			sourceTree = "<group>";
		};
		77A4174314BDFEC200ACAAC1 /* MainStoryboard_iPhone.storyboard */ = {
			isa = PBXVariantGroup;
			children = (
				77A4174414BDFEC200ACAAC1 /* en */,
			);
			name = MainStoryboard_iPhone.storyboard;
			sourceTree = "<group>";
		};
		77A4174614BDFEC200ACAAC1 /* MainStoryboard_iPad.storyboard */ = {
			isa = PBXVariantGroup;
			children = (
				77A4174714BDFEC200ACAAC1 /* en */,
			);
			name = MainStoryboard_iPad.storyboard;
			sourceTree = "<group>";
		};
		77A4175B14BDFEC200ACAAC1 /* InfoPlist.strings */ = {
			isa = PBXVariantGroup;
			children = (
				77A4175C14BDFEC200ACAAC1 /* en */,
			);
			name = InfoPlist.strings;
			sourceTree = "<group>";
		};
/* End PBXVariantGroup section */

/* Begin XCBuildConfiguration section */
		77A4176114BDFEC200ACAAC1 /* Debug */ = {
			isa = XCBuildConfiguration;
			buildSettings = {
				ALWAYS_SEARCH_USER_PATHS = NO;
				ARCHS = "$(ARCHS_STANDARD_32_BIT)";
				CLANG_ENABLE_OBJC_ARC = YES;
				CODE_SIGN_IDENTITY = "iPhone Developer";
				"CODE_SIGN_IDENTITY[sdk=iphoneos*]" = "iPhone Developer";
				COPY_PHASE_STRIP = NO;
				GCC_C_LANGUAGE_STANDARD = gnu99;
				GCC_DYNAMIC_NO_PIC = NO;
				GCC_OPTIMIZATION_LEVEL = 0;
				GCC_PREPROCESSOR_DEFINITIONS = (
					"DEBUG=1",
					"$(inherited)",
				);
				GCC_SYMBOLS_PRIVATE_EXTERN = NO;
				GCC_VERSION = com.apple.compilers.llvm.clang.1_0;
				GCC_WARN_ABOUT_MISSING_PROTOTYPES = YES;
				GCC_WARN_ABOUT_RETURN_TYPE = YES;
				GCC_WARN_UNUSED_VARIABLE = YES;
				IPHONEOS_DEPLOYMENT_TARGET = 5.0;
				PROVISIONING_PROFILE = "";
				SDKROOT = iphoneos;
				TARGETED_DEVICE_FAMILY = "1,2";
			};
			name = Debug;
		};
		77A4176214BDFEC200ACAAC1 /* Release */ = {
			isa = XCBuildConfiguration;
			buildSettings = {
				ALWAYS_SEARCH_USER_PATHS = NO;
				ARCHS = "$(ARCHS_STANDARD_32_BIT)";
				CLANG_ENABLE_OBJC_ARC = YES;
				CODE_SIGN_IDENTITY = "iPhone Developer";
				"CODE_SIGN_IDENTITY[sdk=iphoneos*]" = "iPhone Developer";
				COPY_PHASE_STRIP = YES;
				GCC_C_LANGUAGE_STANDARD = gnu99;
				GCC_VERSION = com.apple.compilers.llvm.clang.1_0;
				GCC_WARN_ABOUT_MISSING_PROTOTYPES = YES;
				GCC_WARN_ABOUT_RETURN_TYPE = YES;
				GCC_WARN_UNUSED_VARIABLE = YES;
				IPHONEOS_DEPLOYMENT_TARGET = 5.0;
				OTHER_CFLAGS = "-DNS_BLOCK_ASSERTIONS=1";
				PROVISIONING_PROFILE = "";
				SDKROOT = iphoneos;
				TARGETED_DEVICE_FAMILY = "1,2";
				VALIDATE_PRODUCT = YES;
			};
			name = Release;
		};
		77A4176414BDFEC200ACAAC1 /* Debug */ = {
			isa = XCBuildConfiguration;
			buildSettings = {
				GCC_PRECOMPILE_PREFIX_HEADER = YES;
				GCC_PREFIX_HEADER = "iOutOf/iOutOf-Prefix.pch";
				INFOPLIST_FILE = "iOutOf/iOutOf-Info.plist";
				PRODUCT_NAME = Shopable;
				WRAPPER_EXTENSION = app;
			};
			name = Debug;
		};
		77A4176514BDFEC200ACAAC1 /* Release */ = {
			isa = XCBuildConfiguration;
			buildSettings = {
				GCC_PRECOMPILE_PREFIX_HEADER = YES;
				GCC_PREFIX_HEADER = "iOutOf/iOutOf-Prefix.pch";
				INFOPLIST_FILE = "iOutOf/iOutOf-Info.plist";
				PRODUCT_NAME = Shopable;
				WRAPPER_EXTENSION = app;
			};
			name = Release;
		};
		77A4176714BDFEC200ACAAC1 /* Debug */ = {
			isa = XCBuildConfiguration;
			buildSettings = {
				BUNDLE_LOADER = "$(BUILT_PRODUCTS_DIR)/iOutOf.app/iOutOf";
				FRAMEWORK_SEARCH_PATHS = (
					"$(SDKROOT)/Developer/Library/Frameworks",
					"$(DEVELOPER_LIBRARY_DIR)/Frameworks",
				);
				GCC_PRECOMPILE_PREFIX_HEADER = YES;
				GCC_PREFIX_HEADER = "iOutOf/iOutOf-Prefix.pch";
				INFOPLIST_FILE = "iOutOfTests/iOutOfTests-Info.plist";
				PRODUCT_NAME = "$(TARGET_NAME)";
				TEST_HOST = "$(BUNDLE_LOADER)";
				WRAPPER_EXTENSION = octest;
			};
			name = Debug;
		};
		77A4176814BDFEC200ACAAC1 /* Release */ = {
			isa = XCBuildConfiguration;
			buildSettings = {
				BUNDLE_LOADER = "$(BUILT_PRODUCTS_DIR)/iOutOf.app/iOutOf";
				FRAMEWORK_SEARCH_PATHS = (
					"$(SDKROOT)/Developer/Library/Frameworks",
					"$(DEVELOPER_LIBRARY_DIR)/Frameworks",
				);
				GCC_PRECOMPILE_PREFIX_HEADER = YES;
				GCC_PREFIX_HEADER = "iOutOf/iOutOf-Prefix.pch";
				INFOPLIST_FILE = "iOutOfTests/iOutOfTests-Info.plist";
				PRODUCT_NAME = "$(TARGET_NAME)";
				TEST_HOST = "$(BUNDLE_LOADER)";
				WRAPPER_EXTENSION = octest;
			};
			name = Release;
		};
/* End XCBuildConfiguration section */

/* Begin XCConfigurationList section */
		77A4172714BDFEC200ACAAC1 /* Build configuration list for PBXProject "iOutOf" */ = {
			isa = XCConfigurationList;
			buildConfigurations = (
				77A4176114BDFEC200ACAAC1 /* Debug */,
				77A4176214BDFEC200ACAAC1 /* Release */,
			);
			defaultConfigurationIsVisible = 0;
			defaultConfigurationName = Release;
		};
		77A4176314BDFEC200ACAAC1 /* Build configuration list for PBXNativeTarget "iOutOf" */ = {
			isa = XCConfigurationList;
			buildConfigurations = (
				77A4176414BDFEC200ACAAC1 /* Debug */,
				77A4176514BDFEC200ACAAC1 /* Release */,
			);
			defaultConfigurationIsVisible = 0;
			defaultConfigurationName = Release;
		};
		77A4176614BDFEC200ACAAC1 /* Build configuration list for PBXNativeTarget "iOutOfTests" */ = {
			isa = XCConfigurationList;
			buildConfigurations = (
				77A4176714BDFEC200ACAAC1 /* Debug */,
				77A4176814BDFEC200ACAAC1 /* Release */,
			);
			defaultConfigurationIsVisible = 0;
			defaultConfigurationName = Release;
		};
/* End XCConfigurationList section */

/* Begin XCVersionGroup section */
		77A4178214BE110500ACAAC1 /* iOutOf.xcdatamodeld */ = {
			isa = XCVersionGroup;
			children = (
				77A4178314BE110500ACAAC1 /* iOutOf.xcdatamodel */,
			);
			currentVersion = 77A4178314BE110500ACAAC1 /* iOutOf.xcdatamodel */;
			path = iOutOf.xcdatamodeld;
			sourceTree = "<group>";
			versionGroupType = wrapper.xcdatamodel;
		};
/* End XCVersionGroup section */
	};
	rootObject = 77A4172414BDFEC200ACAAC1 /* Project object */;
}
