// !$*UTF8*$!
{
	archiveVersion = 1;
	classes = {
	};
	objectVersion = 46;
	objects = {

/* Begin PBXBuildFile section */
		770C2D5214F01D4900FC88E1 /* BBStorageManager+iCloud.m in Sources */ = {isa = PBXBuildFile; fileRef = 770C2D5114F01D4900FC88E1 /* BBStorageManager+iCloud.m */; };
		771391F314C4E40700875FB3 /* BBShoppingCart+Logic.m in Sources */ = {isa = PBXBuildFile; fileRef = 771391F214C4E40700875FB3 /* BBShoppingCart+Logic.m */; };
		771C2550155D60890092EFB8 /* BBItemCategoryViewController.m in Sources */ = {isa = PBXBuildFile; fileRef = 771C254F155D60890092EFB8 /* BBItemCategoryViewController.m */; };
		772A61521583DACB0098839C /* BBItemNotesViewController.m in Sources */ = {isa = PBXBuildFile; fileRef = 772A61511583DACB0098839C /* BBItemNotesViewController.m */; };
		772A615615841E050098839C /* BBShoppingItem.m in Sources */ = {isa = PBXBuildFile; fileRef = 772A615515841E050098839C /* BBShoppingItem.m */; };
		772A615A158427D90098839C /* BBShoppingListDetailsViewController.m in Sources */ = {isa = PBXBuildFile; fileRef = 772A6159158427D90098839C /* BBShoppingListDetailsViewController.m */; };
		772A615E15842E830098839C /* BBShoppingItemDetailsCell.m in Sources */ = {isa = PBXBuildFile; fileRef = 772A615D15842E830098839C /* BBShoppingItemDetailsCell.m */; };
		772A6164158451910098839C /* BBCategoriesTableViewController.m in Sources */ = {isa = PBXBuildFile; fileRef = 772A6163158451910098839C /* BBCategoriesTableViewController.m */; };
		772A616C15845DEC0098839C /* Add@2x.png in Resources */ = {isa = PBXBuildFile; fileRef = 772A616B15845DEC0098839C /* Add@2x.png */; };
		772A616E15845E000098839C /* Add.png in Resources */ = {isa = PBXBuildFile; fileRef = 772A616D15845E000098839C /* Add.png */; };
		772A617415845FA30098839C /* List@2x.png in Resources */ = {isa = PBXBuildFile; fileRef = 772A617315845FA30098839C /* List@2x.png */; };
		772A617615845FB60098839C /* List.png in Resources */ = {isa = PBXBuildFile; fileRef = 772A617515845FB60098839C /* List.png */; };
		772A6179158464760098839C /* Icon.png in Resources */ = {isa = PBXBuildFile; fileRef = 772A6177158464750098839C /* Icon.png */; };
		772A617A158464760098839C /* Icon@2x.png in Resources */ = {isa = PBXBuildFile; fileRef = 772A6178158464760098839C /* Icon@2x.png */; };
		772A617C1584650A0098839C /* iTunesArtwork in Resources */ = {isa = PBXBuildFile; fileRef = 772A617B1584650A0098839C /* iTunesArtwork */; };
		7732DD5915745573001F67CF /* BBItemCategory.m in Sources */ = {isa = PBXBuildFile; fileRef = 7732DD5815745573001F67CF /* BBItemCategory.m */; };
		7732DD5C15745573001F67CF /* BBShoppingCart.m in Sources */ = {isa = PBXBuildFile; fileRef = 7732DD5B15745573001F67CF /* BBShoppingCart.m */; };
		7732DD6215745573001F67CF /* BBList.m in Sources */ = {isa = PBXBuildFile; fileRef = 7732DD6115745573001F67CF /* BBList.m */; };
		7732DD6515745574001F67CF /* BBItem.m in Sources */ = {isa = PBXBuildFile; fileRef = 7732DD6415745574001F67CF /* BBItem.m */; };
		7745934014C5E80600EF1565 /* StoreTypes.plist in Resources */ = {isa = PBXBuildFile; fileRef = 7745933F14C5E80600EF1565 /* StoreTypes.plist */; };
		7745934614C5FE7000EF1565 /* QuantityUnits.plist in Resources */ = {isa = PBXBuildFile; fileRef = 7745934514C5FE7000EF1565 /* QuantityUnits.plist */; };
		7750F6091561FBF900B54F1F /* BBItemsListTableViewController.m in Sources */ = {isa = PBXBuildFile; fileRef = 7750F6081561FBF900B54F1F /* BBItemsListTableViewController.m */; };
		7750F60D15620EDA00B54F1F /* BBItemTableViewCell.m in Sources */ = {isa = PBXBuildFile; fileRef = 7750F60C15620EDA00B54F1F /* BBItemTableViewCell.m */; };
		7751FADC15605C62006339A0 /* BBList+Logic.m in Sources */ = {isa = PBXBuildFile; fileRef = 7751FADA15605C62006339A0 /* BBList+Logic.m */; };
		77677DFD155F6447002BA298 /* BBListTableViewCell.m in Sources */ = {isa = PBXBuildFile; fileRef = 77677DFC155F6447002BA298 /* BBListTableViewCell.m */; };
		777D32D51574278200F95F7A /* check_box_checked.png in Resources */ = {isa = PBXBuildFile; fileRef = 777D32D11574278200F95F7A /* check_box_checked.png */; };
		777D32D61574278200F95F7A /* check_box_checked@2x.png in Resources */ = {isa = PBXBuildFile; fileRef = 777D32D21574278200F95F7A /* check_box_checked@2x.png */; };
		777D32D71574278200F95F7A /* check_box_empty.png in Resources */ = {isa = PBXBuildFile; fileRef = 777D32D31574278200F95F7A /* check_box_empty.png */; };
		777D32D81574278200F95F7A /* check_box_empty@2x.png in Resources */ = {isa = PBXBuildFile; fileRef = 777D32D41574278200F95F7A /* check_box_empty@2x.png */; };
		778C1C5014BF70A800190DAE /* CategoryItems.plist in Resources */ = {isa = PBXBuildFile; fileRef = 778C1C4F14BF70A800190DAE /* CategoryItems.plist */; };
		7798254A14E73828007031EF /* BBAppDelegate.m in Sources */ = {isa = PBXBuildFile; fileRef = 7798254914E73828007031EF /* BBAppDelegate.m */; };
		77A20FAB14E7493800E44B0A /* CoreData.framework in Frameworks */ = {isa = PBXBuildFile; fileRef = 77A4178514BE111100ACAAC1 /* CoreData.framework */; };
		77A27072155B7A1C00C86692 /* BBListsViewController.m in Sources */ = {isa = PBXBuildFile; fileRef = 77A27071155B7A1C00C86692 /* BBListsViewController.m */; };
		77A27077155B7A8F00C86692 /* BBNavContainerViewController.m in Sources */ = {isa = PBXBuildFile; fileRef = 77A27076155B7A8F00C86692 /* BBNavContainerViewController.m */; };
		77A2707B155B7E8D00C86692 /* BBShoppingListViewController.m in Sources */ = {isa = PBXBuildFile; fileRef = 77A2707A155B7E8D00C86692 /* BBShoppingListViewController.m */; };
		77A4173214BDFEC200ACAAC1 /* UIKit.framework in Frameworks */ = {isa = PBXBuildFile; fileRef = 77A4173114BDFEC200ACAAC1 /* UIKit.framework */; };
		77A4173414BDFEC200ACAAC1 /* Foundation.framework in Frameworks */ = {isa = PBXBuildFile; fileRef = 77A4173314BDFEC200ACAAC1 /* Foundation.framework */; };
		77A4173614BDFEC200ACAAC1 /* CoreGraphics.framework in Frameworks */ = {isa = PBXBuildFile; fileRef = 77A4173514BDFEC200ACAAC1 /* CoreGraphics.framework */; };
		77A4173C14BDFEC200ACAAC1 /* InfoPlist.strings in Resources */ = {isa = PBXBuildFile; fileRef = 77A4173A14BDFEC200ACAAC1 /* InfoPlist.strings */; };
		77A4173E14BDFEC200ACAAC1 /* main.m in Sources */ = {isa = PBXBuildFile; fileRef = 77A4173D14BDFEC200ACAAC1 /* main.m */; };
		77A4174514BDFEC200ACAAC1 /* MainStoryboard_iPhone.storyboard in Resources */ = {isa = PBXBuildFile; fileRef = 77A4174314BDFEC200ACAAC1 /* MainStoryboard_iPhone.storyboard */; };
		77A4175414BDFEC200ACAAC1 /* UIKit.framework in Frameworks */ = {isa = PBXBuildFile; fileRef = 77A4173114BDFEC200ACAAC1 /* UIKit.framework */; };
		77A4175514BDFEC200ACAAC1 /* Foundation.framework in Frameworks */ = {isa = PBXBuildFile; fileRef = 77A4173314BDFEC200ACAAC1 /* Foundation.framework */; };
		77A4175D14BDFEC200ACAAC1 /* InfoPlist.strings in Resources */ = {isa = PBXBuildFile; fileRef = 77A4175B14BDFEC200ACAAC1 /* InfoPlist.strings */; };
		77A4178414BE110500ACAAC1 /* Shopable.xcdatamodeld in Sources */ = {isa = PBXBuildFile; fileRef = 77A4178214BE110500ACAAC1 /* Shopable.xcdatamodeld */; };
		77A4178614BE111100ACAAC1 /* CoreData.framework in Frameworks */ = {isa = PBXBuildFile; fileRef = 77A4178514BE111100ACAAC1 /* CoreData.framework */; };
		77A4178814BE113100ACAAC1 /* QuartzCore.framework in Frameworks */ = {isa = PBXBuildFile; fileRef = 77A4178714BE113100ACAAC1 /* QuartzCore.framework */; };
		77A4179014BE13A400ACAAC1 /* BBStorageManager.m in Sources */ = {isa = PBXBuildFile; fileRef = 77A4178F14BE13A400ACAAC1 /* BBStorageManager.m */; };
		77A417DF14BE174E00ACAAC1 /* BBStorageManager+Initialize.m in Sources */ = {isa = PBXBuildFile; fileRef = 77A417DE14BE174E00ACAAC1 /* BBStorageManager+Initialize.m */; };
		77A5210914E1DC7900D42858 /* UIScrollView+Paging.m in Sources */ = {isa = PBXBuildFile; fileRef = 77A5210814E1DC7900D42858 /* UIScrollView+Paging.m */; };
		77BCEEA01582DB930005E409 /* BBItemDetailsTableViewController.m in Sources */ = {isa = PBXBuildFile; fileRef = 77BCEE9F1582DB930005E409 /* BBItemDetailsTableViewController.m */; };
		77BCEEA41582F0010005E409 /* BBDecoratorLabel.m in Sources */ = {isa = PBXBuildFile; fileRef = 77BCEEA31582F0010005E409 /* BBDecoratorLabel.m */; };
		77BCEEA71582F0820005E409 /* BBShoppingListCell.m in Sources */ = {isa = PBXBuildFile; fileRef = 77BCEEA61582F0820005E409 /* BBShoppingListCell.m */; };
		77BCFAF41560AEF5005ED2E5 /* BBItemCategoryView.m in Sources */ = {isa = PBXBuildFile; fileRef = 77BCFAF31560AEF5005ED2E5 /* BBItemCategoryView.m */; };
		77BCFAF61560AF22005ED2E5 /* BBItemCategoryView.xib in Resources */ = {isa = PBXBuildFile; fileRef = 77BCFAF51560AF21005ED2E5 /* BBItemCategoryView.xib */; };
		77EDC07E14E70D4900337612 /* BBItem+Logic.m in Sources */ = {isa = PBXBuildFile; fileRef = 77EDC07D14E70D4900337612 /* BBItem+Logic.m */; };
		77EDC08614E736A700337612 /* SenTestingKit.framework in Frameworks */ = {isa = PBXBuildFile; fileRef = 77A4175214BDFEC200ACAAC1 /* SenTestingKit.framework */; settings = {ATTRIBUTES = (Required, ); }; };
/* End PBXBuildFile section */

/* Begin PBXContainerItemProxy section */
		77A4175614BDFEC200ACAAC1 /* PBXContainerItemProxy */ = {
			isa = PBXContainerItemProxy;
			containerPortal = 77A4172414BDFEC200ACAAC1 /* Project object */;
			proxyType = 1;
			remoteGlobalIDString = 77A4172C14BDFEC200ACAAC1;
			remoteInfo = Shopable;
		};
/* End PBXContainerItemProxy section */

/* Begin PBXFileReference section */
		770C2D5014F01D4900FC88E1 /* BBStorageManager+iCloud.h */ = {isa = PBXFileReference; fileEncoding = 4; lastKnownFileType = sourcecode.c.h; path = "BBStorageManager+iCloud.h"; sourceTree = "<group>"; };
		770C2D5114F01D4900FC88E1 /* BBStorageManager+iCloud.m */ = {isa = PBXFileReference; fileEncoding = 4; lastKnownFileType = sourcecode.c.objc; path = "BBStorageManager+iCloud.m"; sourceTree = "<group>"; };
		771391F114C4E40700875FB3 /* BBShoppingCart+Logic.h */ = {isa = PBXFileReference; fileEncoding = 4; lastKnownFileType = sourcecode.c.h; path = "BBShoppingCart+Logic.h"; sourceTree = "<group>"; };
		771391F214C4E40700875FB3 /* BBShoppingCart+Logic.m */ = {isa = PBXFileReference; fileEncoding = 4; lastKnownFileType = sourcecode.c.objc; path = "BBShoppingCart+Logic.m"; sourceTree = "<group>"; };
		771C254E155D60890092EFB8 /* BBItemCategoryViewController.h */ = {isa = PBXFileReference; fileEncoding = 4; lastKnownFileType = sourcecode.c.h; path = BBItemCategoryViewController.h; sourceTree = "<group>"; };
		771C254F155D60890092EFB8 /* BBItemCategoryViewController.m */ = {isa = PBXFileReference; fileEncoding = 4; lastKnownFileType = sourcecode.c.objc; path = BBItemCategoryViewController.m; sourceTree = "<group>"; };
		772A61501583DACB0098839C /* BBItemNotesViewController.h */ = {isa = PBXFileReference; fileEncoding = 4; lastKnownFileType = sourcecode.c.h; path = BBItemNotesViewController.h; sourceTree = "<group>"; };
		772A61511583DACB0098839C /* BBItemNotesViewController.m */ = {isa = PBXFileReference; fileEncoding = 4; lastKnownFileType = sourcecode.c.objc; path = BBItemNotesViewController.m; sourceTree = "<group>"; };
		772A615415841E050098839C /* BBShoppingItem.h */ = {isa = PBXFileReference; fileEncoding = 4; lastKnownFileType = sourcecode.c.h; path = BBShoppingItem.h; sourceTree = "<group>"; };
		772A615515841E050098839C /* BBShoppingItem.m */ = {isa = PBXFileReference; fileEncoding = 4; lastKnownFileType = sourcecode.c.objc; path = BBShoppingItem.m; sourceTree = "<group>"; };
		772A6158158427D90098839C /* BBShoppingListDetailsViewController.h */ = {isa = PBXFileReference; fileEncoding = 4; lastKnownFileType = sourcecode.c.h; path = BBShoppingListDetailsViewController.h; sourceTree = "<group>"; };
		772A6159158427D90098839C /* BBShoppingListDetailsViewController.m */ = {isa = PBXFileReference; fileEncoding = 4; lastKnownFileType = sourcecode.c.objc; path = BBShoppingListDetailsViewController.m; sourceTree = "<group>"; };
		772A615C15842E830098839C /* BBShoppingItemDetailsCell.h */ = {isa = PBXFileReference; fileEncoding = 4; lastKnownFileType = sourcecode.c.h; path = BBShoppingItemDetailsCell.h; sourceTree = "<group>"; };
		772A615D15842E830098839C /* BBShoppingItemDetailsCell.m */ = {isa = PBXFileReference; fileEncoding = 4; lastKnownFileType = sourcecode.c.objc; path = BBShoppingItemDetailsCell.m; sourceTree = "<group>"; };
		772A6162158451910098839C /* BBCategoriesTableViewController.h */ = {isa = PBXFileReference; fileEncoding = 4; lastKnownFileType = sourcecode.c.h; path = BBCategoriesTableViewController.h; sourceTree = "<group>"; };
		772A6163158451910098839C /* BBCategoriesTableViewController.m */ = {isa = PBXFileReference; fileEncoding = 4; lastKnownFileType = sourcecode.c.objc; path = BBCategoriesTableViewController.m; sourceTree = "<group>"; };
		772A616B15845DEC0098839C /* Add@2x.png */ = {isa = PBXFileReference; lastKnownFileType = image.png; path = "Add@2x.png"; sourceTree = "<group>"; };
		772A616D15845E000098839C /* Add.png */ = {isa = PBXFileReference; lastKnownFileType = image.png; path = Add.png; sourceTree = "<group>"; };
		772A617315845FA30098839C /* List@2x.png */ = {isa = PBXFileReference; lastKnownFileType = image.png; path = "List@2x.png"; sourceTree = "<group>"; };
		772A617515845FB60098839C /* List.png */ = {isa = PBXFileReference; lastKnownFileType = image.png; path = List.png; sourceTree = "<group>"; };
		772A6177158464750098839C /* Icon.png */ = {isa = PBXFileReference; lastKnownFileType = image.png; path = Icon.png; sourceTree = "<group>"; };
		772A6178158464760098839C /* Icon@2x.png */ = {isa = PBXFileReference; lastKnownFileType = image.png; path = "Icon@2x.png"; sourceTree = "<group>"; };
		772A617B1584650A0098839C /* iTunesArtwork */ = {isa = PBXFileReference; lastKnownFileType = file; path = iTunesArtwork; sourceTree = "<group>"; };
		7732DD5715745573001F67CF /* BBItemCategory.h */ = {isa = PBXFileReference; fileEncoding = 4; lastKnownFileType = sourcecode.c.h; path = BBItemCategory.h; sourceTree = "<group>"; };
		7732DD5815745573001F67CF /* BBItemCategory.m */ = {isa = PBXFileReference; fileEncoding = 4; lastKnownFileType = sourcecode.c.objc; path = BBItemCategory.m; sourceTree = "<group>"; };
		7732DD5A15745573001F67CF /* BBShoppingCart.h */ = {isa = PBXFileReference; fileEncoding = 4; lastKnownFileType = sourcecode.c.h; path = BBShoppingCart.h; sourceTree = "<group>"; };
		7732DD5B15745573001F67CF /* BBShoppingCart.m */ = {isa = PBXFileReference; fileEncoding = 4; lastKnownFileType = sourcecode.c.objc; path = BBShoppingCart.m; sourceTree = "<group>"; };
		7732DD6015745573001F67CF /* BBList.h */ = {isa = PBXFileReference; fileEncoding = 4; lastKnownFileType = sourcecode.c.h; path = BBList.h; sourceTree = "<group>"; };
		7732DD6115745573001F67CF /* BBList.m */ = {isa = PBXFileReference; fileEncoding = 4; lastKnownFileType = sourcecode.c.objc; path = BBList.m; sourceTree = "<group>"; };
		7732DD6315745574001F67CF /* BBItem.h */ = {isa = PBXFileReference; fileEncoding = 4; lastKnownFileType = sourcecode.c.h; path = BBItem.h; sourceTree = "<group>"; };
		7732DD6415745574001F67CF /* BBItem.m */ = {isa = PBXFileReference; fileEncoding = 4; lastKnownFileType = sourcecode.c.objc; path = BBItem.m; sourceTree = "<group>"; };
		7745933F14C5E80600EF1565 /* StoreTypes.plist */ = {isa = PBXFileReference; fileEncoding = 4; lastKnownFileType = text.plist.xml; path = StoreTypes.plist; sourceTree = "<group>"; };
		7745934514C5FE7000EF1565 /* QuantityUnits.plist */ = {isa = PBXFileReference; fileEncoding = 4; lastKnownFileType = text.plist.xml; path = QuantityUnits.plist; sourceTree = "<group>"; };
		7750F6071561FBF900B54F1F /* BBItemsListTableViewController.h */ = {isa = PBXFileReference; fileEncoding = 4; lastKnownFileType = sourcecode.c.h; path = BBItemsListTableViewController.h; sourceTree = "<group>"; };
		7750F6081561FBF900B54F1F /* BBItemsListTableViewController.m */ = {isa = PBXFileReference; fileEncoding = 4; lastKnownFileType = sourcecode.c.objc; path = BBItemsListTableViewController.m; sourceTree = "<group>"; };
		7750F60B15620EDA00B54F1F /* BBItemTableViewCell.h */ = {isa = PBXFileReference; fileEncoding = 4; lastKnownFileType = sourcecode.c.h; path = BBItemTableViewCell.h; sourceTree = "<group>"; };
		7750F60C15620EDA00B54F1F /* BBItemTableViewCell.m */ = {isa = PBXFileReference; fileEncoding = 4; lastKnownFileType = sourcecode.c.objc; path = BBItemTableViewCell.m; sourceTree = "<group>"; };
		7751FADA15605C62006339A0 /* BBList+Logic.m */ = {isa = PBXFileReference; fileEncoding = 4; lastKnownFileType = sourcecode.c.objc; path = "BBList+Logic.m"; sourceTree = "<group>"; };
		7751FADB15605C62006339A0 /* BBList+Logic.h */ = {isa = PBXFileReference; fileEncoding = 4; lastKnownFileType = sourcecode.c.h; path = "BBList+Logic.h"; sourceTree = "<group>"; };
		77677DFB155F6447002BA298 /* BBListTableViewCell.h */ = {isa = PBXFileReference; fileEncoding = 4; lastKnownFileType = sourcecode.c.h; path = BBListTableViewCell.h; sourceTree = "<group>"; };
		77677DFC155F6447002BA298 /* BBListTableViewCell.m */ = {isa = PBXFileReference; fileEncoding = 4; lastKnownFileType = sourcecode.c.objc; path = BBListTableViewCell.m; sourceTree = "<group>"; };
		777D32D11574278200F95F7A /* check_box_checked.png */ = {isa = PBXFileReference; lastKnownFileType = image.png; name = check_box_checked.png; path = Resources/Images/ItemsListScreen/check_box_checked.png; sourceTree = "<group>"; };
		777D32D21574278200F95F7A /* check_box_checked@2x.png */ = {isa = PBXFileReference; lastKnownFileType = image.png; name = "check_box_checked@2x.png"; path = "Resources/Images/ItemsListScreen/check_box_checked@2x.png"; sourceTree = "<group>"; };
		777D32D31574278200F95F7A /* check_box_empty.png */ = {isa = PBXFileReference; lastKnownFileType = image.png; name = check_box_empty.png; path = Resources/Images/ItemsListScreen/check_box_empty.png; sourceTree = "<group>"; };
		777D32D41574278200F95F7A /* check_box_empty@2x.png */ = {isa = PBXFileReference; lastKnownFileType = image.png; name = "check_box_empty@2x.png"; path = "Resources/Images/ItemsListScreen/check_box_empty@2x.png"; sourceTree = "<group>"; };
		778C1C4F14BF70A800190DAE /* CategoryItems.plist */ = {isa = PBXFileReference; fileEncoding = 4; lastKnownFileType = text.plist.xml; path = CategoryItems.plist; sourceTree = "<group>"; };
		7798254814E73828007031EF /* BBAppDelegate.h */ = {isa = PBXFileReference; fileEncoding = 4; lastKnownFileType = sourcecode.c.h; path = BBAppDelegate.h; sourceTree = "<group>"; };
		7798254914E73828007031EF /* BBAppDelegate.m */ = {isa = PBXFileReference; fileEncoding = 4; lastKnownFileType = sourcecode.c.objc; path = BBAppDelegate.m; sourceTree = "<group>"; };
		77A27070155B7A1C00C86692 /* BBListsViewController.h */ = {isa = PBXFileReference; fileEncoding = 4; lastKnownFileType = sourcecode.c.h; path = BBListsViewController.h; sourceTree = "<group>"; };
		77A27071155B7A1C00C86692 /* BBListsViewController.m */ = {isa = PBXFileReference; fileEncoding = 4; lastKnownFileType = sourcecode.c.objc; path = BBListsViewController.m; sourceTree = "<group>"; };
		77A27075155B7A8F00C86692 /* BBNavContainerViewController.h */ = {isa = PBXFileReference; fileEncoding = 4; lastKnownFileType = sourcecode.c.h; path = BBNavContainerViewController.h; sourceTree = "<group>"; };
		77A27076155B7A8F00C86692 /* BBNavContainerViewController.m */ = {isa = PBXFileReference; fileEncoding = 4; lastKnownFileType = sourcecode.c.objc; path = BBNavContainerViewController.m; sourceTree = "<group>"; };
		77A27079155B7E8D00C86692 /* BBShoppingListViewController.h */ = {isa = PBXFileReference; fileEncoding = 4; lastKnownFileType = sourcecode.c.h; path = BBShoppingListViewController.h; sourceTree = "<group>"; };
		77A2707A155B7E8D00C86692 /* BBShoppingListViewController.m */ = {isa = PBXFileReference; fileEncoding = 4; lastKnownFileType = sourcecode.c.objc; path = BBShoppingListViewController.m; sourceTree = "<group>"; };
		77A2707C155B800900C86692 /* BBProtocols.h */ = {isa = PBXFileReference; lastKnownFileType = sourcecode.c.h; path = BBProtocols.h; sourceTree = "<group>"; };
		77A4172D14BDFEC200ACAAC1 /* Shopable.app */ = {isa = PBXFileReference; explicitFileType = wrapper.application; includeInIndex = 0; path = Shopable.app; sourceTree = BUILT_PRODUCTS_DIR; };
		77A4173114BDFEC200ACAAC1 /* UIKit.framework */ = {isa = PBXFileReference; lastKnownFileType = wrapper.framework; name = UIKit.framework; path = System/Library/Frameworks/UIKit.framework; sourceTree = SDKROOT; };
		77A4173314BDFEC200ACAAC1 /* Foundation.framework */ = {isa = PBXFileReference; lastKnownFileType = wrapper.framework; name = Foundation.framework; path = System/Library/Frameworks/Foundation.framework; sourceTree = SDKROOT; };
		77A4173514BDFEC200ACAAC1 /* CoreGraphics.framework */ = {isa = PBXFileReference; lastKnownFileType = wrapper.framework; name = CoreGraphics.framework; path = System/Library/Frameworks/CoreGraphics.framework; sourceTree = SDKROOT; };
		77A4173914BDFEC200ACAAC1 /* Shopable-Info.plist */ = {isa = PBXFileReference; lastKnownFileType = text.plist.xml; path = "Shopable-Info.plist"; sourceTree = "<group>"; };
		77A4173B14BDFEC200ACAAC1 /* en */ = {isa = PBXFileReference; lastKnownFileType = text.plist.strings; name = en; path = en.lproj/InfoPlist.strings; sourceTree = "<group>"; };
		77A4173D14BDFEC200ACAAC1 /* main.m */ = {isa = PBXFileReference; lastKnownFileType = sourcecode.c.objc; path = main.m; sourceTree = "<group>"; };
		77A4173F14BDFEC200ACAAC1 /* Shopable-Prefix.pch */ = {isa = PBXFileReference; lastKnownFileType = sourcecode.c.h; path = "Shopable-Prefix.pch"; sourceTree = "<group>"; };
		77A4174414BDFEC200ACAAC1 /* en */ = {isa = PBXFileReference; lastKnownFileType = file.storyboard; name = en; path = en.lproj/MainStoryboard_iPhone.storyboard; sourceTree = "<group>"; };
		77A4175114BDFEC200ACAAC1 /* ShopableTests.octest */ = {isa = PBXFileReference; explicitFileType = wrapper.cfbundle; includeInIndex = 0; path = ShopableTests.octest; sourceTree = BUILT_PRODUCTS_DIR; };
		77A4175214BDFEC200ACAAC1 /* SenTestingKit.framework */ = {isa = PBXFileReference; lastKnownFileType = wrapper.framework; name = SenTestingKit.framework; path = Library/Frameworks/SenTestingKit.framework; sourceTree = DEVELOPER_DIR; };
		77A4175A14BDFEC200ACAAC1 /* ShopableTests-Info.plist */ = {isa = PBXFileReference; lastKnownFileType = text.plist.xml; path = "ShopableTests-Info.plist"; sourceTree = "<group>"; };
		77A4175C14BDFEC200ACAAC1 /* en */ = {isa = PBXFileReference; lastKnownFileType = text.plist.strings; name = en; path = en.lproj/InfoPlist.strings; sourceTree = "<group>"; };
		77A4178314BE110500ACAAC1 /* Shopable.xcdatamodel */ = {isa = PBXFileReference; lastKnownFileType = wrapper.xcdatamodel; path = Shopable.xcdatamodel; sourceTree = "<group>"; };
		77A4178514BE111100ACAAC1 /* CoreData.framework */ = {isa = PBXFileReference; lastKnownFileType = wrapper.framework; name = CoreData.framework; path = System/Library/Frameworks/CoreData.framework; sourceTree = SDKROOT; };
		77A4178714BE113100ACAAC1 /* QuartzCore.framework */ = {isa = PBXFileReference; lastKnownFileType = wrapper.framework; name = QuartzCore.framework; path = System/Library/Frameworks/QuartzCore.framework; sourceTree = SDKROOT; };
		77A4178E14BE13A400ACAAC1 /* BBStorageManager.h */ = {isa = PBXFileReference; fileEncoding = 4; lastKnownFileType = sourcecode.c.h; path = BBStorageManager.h; sourceTree = "<group>"; };
		77A4178F14BE13A400ACAAC1 /* BBStorageManager.m */ = {isa = PBXFileReference; fileEncoding = 4; lastKnownFileType = sourcecode.c.objc; path = BBStorageManager.m; sourceTree = "<group>"; };
		77A417DD14BE174E00ACAAC1 /* BBStorageManager+Initialize.h */ = {isa = PBXFileReference; fileEncoding = 4; lastKnownFileType = sourcecode.c.h; path = "BBStorageManager+Initialize.h"; sourceTree = "<group>"; };
		77A417DE14BE174E00ACAAC1 /* BBStorageManager+Initialize.m */ = {isa = PBXFileReference; fileEncoding = 4; lastKnownFileType = sourcecode.c.objc; path = "BBStorageManager+Initialize.m"; sourceTree = "<group>"; };
		77A417E214BE1E6E00ACAAC1 /* BBStorageConstants.h */ = {isa = PBXFileReference; fileEncoding = 4; lastKnownFileType = sourcecode.c.h; path = BBStorageConstants.h; sourceTree = "<group>"; };
		77A5210714E1DC7900D42858 /* UIScrollView+Paging.h */ = {isa = PBXFileReference; fileEncoding = 4; lastKnownFileType = sourcecode.c.h; path = "UIScrollView+Paging.h"; sourceTree = "<group>"; };
		77A5210814E1DC7900D42858 /* UIScrollView+Paging.m */ = {isa = PBXFileReference; fileEncoding = 4; lastKnownFileType = sourcecode.c.objc; path = "UIScrollView+Paging.m"; sourceTree = "<group>"; };
		77BCEE9E1582DB930005E409 /* BBItemDetailsTableViewController.h */ = {isa = PBXFileReference; fileEncoding = 4; lastKnownFileType = sourcecode.c.h; path = BBItemDetailsTableViewController.h; sourceTree = "<group>"; };
		77BCEE9F1582DB930005E409 /* BBItemDetailsTableViewController.m */ = {isa = PBXFileReference; fileEncoding = 4; lastKnownFileType = sourcecode.c.objc; path = BBItemDetailsTableViewController.m; sourceTree = "<group>"; };
		77BCEEA21582F0010005E409 /* BBDecoratorLabel.h */ = {isa = PBXFileReference; fileEncoding = 4; lastKnownFileType = sourcecode.c.h; path = BBDecoratorLabel.h; sourceTree = "<group>"; };
		77BCEEA31582F0010005E409 /* BBDecoratorLabel.m */ = {isa = PBXFileReference; fileEncoding = 4; lastKnownFileType = sourcecode.c.objc; path = BBDecoratorLabel.m; sourceTree = "<group>"; };
		77BCEEA51582F0820005E409 /* BBShoppingListCell.h */ = {isa = PBXFileReference; fileEncoding = 4; lastKnownFileType = sourcecode.c.h; path = BBShoppingListCell.h; sourceTree = "<group>"; };
		77BCEEA61582F0820005E409 /* BBShoppingListCell.m */ = {isa = PBXFileReference; fileEncoding = 4; lastKnownFileType = sourcecode.c.objc; path = BBShoppingListCell.m; sourceTree = "<group>"; };
		77BCFAF21560AEF5005ED2E5 /* BBItemCategoryView.h */ = {isa = PBXFileReference; fileEncoding = 4; lastKnownFileType = sourcecode.c.h; path = BBItemCategoryView.h; sourceTree = "<group>"; };
		77BCFAF31560AEF5005ED2E5 /* BBItemCategoryView.m */ = {isa = PBXFileReference; fileEncoding = 4; lastKnownFileType = sourcecode.c.objc; path = BBItemCategoryView.m; sourceTree = "<group>"; };
		77BCFAF51560AF21005ED2E5 /* BBItemCategoryView.xib */ = {isa = PBXFileReference; fileEncoding = 4; lastKnownFileType = file.xib; path = BBItemCategoryView.xib; sourceTree = "<group>"; };
		77EDC07C14E70D4900337612 /* BBItem+Logic.h */ = {isa = PBXFileReference; fileEncoding = 4; lastKnownFileType = sourcecode.c.h; path = "BBItem+Logic.h"; sourceTree = "<group>"; };
		77EDC07D14E70D4900337612 /* BBItem+Logic.m */ = {isa = PBXFileReference; fileEncoding = 4; lastKnownFileType = sourcecode.c.objc; path = "BBItem+Logic.m"; sourceTree = "<group>"; };
		77EDC08214E735DB00337612 /* ShopableTests.h */ = {isa = PBXFileReference; fileEncoding = 4; lastKnownFileType = sourcecode.c.h; path = ShopableTests.h; sourceTree = "<group>"; };
		77EDC08314E735DB00337612 /* ShopableTests.m */ = {isa = PBXFileReference; fileEncoding = 4; lastKnownFileType = sourcecode.c.objc; path = ShopableTests.m; sourceTree = "<group>"; };
/* End PBXFileReference section */

/* Begin PBXFrameworksBuildPhase section */
		77A4172A14BDFEC200ACAAC1 /* Frameworks */ = {
			isa = PBXFrameworksBuildPhase;
			buildActionMask = 2147483647;
			files = (
				77A4178814BE113100ACAAC1 /* QuartzCore.framework in Frameworks */,
				77A4178614BE111100ACAAC1 /* CoreData.framework in Frameworks */,
				77A4173214BDFEC200ACAAC1 /* UIKit.framework in Frameworks */,
				77A4173414BDFEC200ACAAC1 /* Foundation.framework in Frameworks */,
				77A4173614BDFEC200ACAAC1 /* CoreGraphics.framework in Frameworks */,
			);
			runOnlyForDeploymentPostprocessing = 0;
		};
		77A4174D14BDFEC200ACAAC1 /* Frameworks */ = {
			isa = PBXFrameworksBuildPhase;
			buildActionMask = 2147483647;
			files = (
				77A20FAB14E7493800E44B0A /* CoreData.framework in Frameworks */,
				77EDC08614E736A700337612 /* SenTestingKit.framework in Frameworks */,
				77A4175414BDFEC200ACAAC1 /* UIKit.framework in Frameworks */,
				77A4175514BDFEC200ACAAC1 /* Foundation.framework in Frameworks */,
			);
			runOnlyForDeploymentPostprocessing = 0;
		};
/* End PBXFrameworksBuildPhase section */

/* Begin PBXGroup section */
		771391ED14C4E2CE00875FB3 /* Categories */ = {
			isa = PBXGroup;
			children = (
				77EDC07C14E70D4900337612 /* BBItem+Logic.h */,
				77EDC07D14E70D4900337612 /* BBItem+Logic.m */,
				7751FADB15605C62006339A0 /* BBList+Logic.h */,
				7751FADA15605C62006339A0 /* BBList+Logic.m */,
				771391F114C4E40700875FB3 /* BBShoppingCart+Logic.h */,
				771391F214C4E40700875FB3 /* BBShoppingCart+Logic.m */,
			);
			name = Categories;
			sourceTree = "<group>";
		};
		771C254C155D60460092EFB8 /* Item Category Screen */ = {
			isa = PBXGroup;
			children = (
				772A6162158451910098839C /* BBCategoriesTableViewController.h */,
				772A6163158451910098839C /* BBCategoriesTableViewController.m */,
				771C254E155D60890092EFB8 /* BBItemCategoryViewController.h */,
				771C254F155D60890092EFB8 /* BBItemCategoryViewController.m */,
				77BCFAF11560AEDA005ED2E5 /* Support */,
			);
			name = "Item Category Screen";
			sourceTree = "<group>";
		};
		772A61531583DAF30098839C /* Item Notes Screen */ = {
			isa = PBXGroup;
			children = (
				772A61501583DACB0098839C /* BBItemNotesViewController.h */,
				772A61511583DACB0098839C /* BBItemNotesViewController.m */,
			);
			name = "Item Notes Screen";
			sourceTree = "<group>";
		};
		772A6157158427BE0098839C /* Shopping List Details Screen */ = {
			isa = PBXGroup;
			children = (
				772A6158158427D90098839C /* BBShoppingListDetailsViewController.h */,
				772A6159158427D90098839C /* BBShoppingListDetailsViewController.m */,
				772A615B15842E600098839C /* Support */,
			);
			name = "Shopping List Details Screen";
			sourceTree = "<group>";
		};
		772A615B15842E600098839C /* Support */ = {
			isa = PBXGroup;
			children = (
				772A615C15842E830098839C /* BBShoppingItemDetailsCell.h */,
				772A615D15842E830098839C /* BBShoppingItemDetailsCell.m */,
			);
			name = Support;
			sourceTree = "<group>";
		};
		7750F6061561FBCD00B54F1F /* Item List Screen */ = {
			isa = PBXGroup;
			children = (
				7750F6071561FBF900B54F1F /* BBItemsListTableViewController.h */,
				7750F6081561FBF900B54F1F /* BBItemsListTableViewController.m */,
				7750F60A15620EA200B54F1F /* Support */,
			);
			name = "Item List Screen";
			sourceTree = "<group>";
		};
		7750F60A15620EA200B54F1F /* Support */ = {
			isa = PBXGroup;
			children = (
				7750F60B15620EDA00B54F1F /* BBItemTableViewCell.h */,
				7750F60C15620EDA00B54F1F /* BBItemTableViewCell.m */,
			);
			name = Support;
			sourceTree = "<group>";
		};
		77677DF9155F63E4002BA298 /* Support */ = {
			isa = PBXGroup;
			children = (
				77677DFB155F6447002BA298 /* BBListTableViewCell.h */,
				77677DFC155F6447002BA298 /* BBListTableViewCell.m */,
			);
			name = Support;
			sourceTree = "<group>";
		};
		777D32CA157426FF00F95F7A /* Images */ = {
			isa = PBXGroup;
			children = (
				772A617B1584650A0098839C /* iTunesArtwork */,
				772A6177158464750098839C /* Icon.png */,
				772A6178158464760098839C /* Icon@2x.png */,
				772A617515845FB60098839C /* List.png */,
				772A617315845FA30098839C /* List@2x.png */,
				772A616D15845E000098839C /* Add.png */,
				772A616B15845DEC0098839C /* Add@2x.png */,
				777D32CC1574270400F95F7A /* Image List Screen */,
			);
			name = Images;
			sourceTree = "<group>";
		};
		777D32CC1574270400F95F7A /* Image List Screen */ = {
			isa = PBXGroup;
			children = (
				777D32D11574278200F95F7A /* check_box_checked.png */,
				777D32D21574278200F95F7A /* check_box_checked@2x.png */,
				777D32D31574278200F95F7A /* check_box_empty.png */,
				777D32D41574278200F95F7A /* check_box_empty@2x.png */,
			);
			name = "Image List Screen";
			sourceTree = "<group>";
		};
		77A2706C155B799900C86692 /* Model */ = {
			isa = PBXGroup;
			children = (
				77A4178214BE110500ACAAC1 /* Shopable.xcdatamodeld */,
			);
			name = Model;
			sourceTree = "<group>";
		};
		77A2706D155B79B200C86692 /* Resources */ = {
			isa = PBXGroup;
			children = (
				777D32CA157426FF00F95F7A /* Images */,
				77A2706E155B79C200C86692 /* Storyboard / Nib */,
			);
			name = Resources;
			sourceTree = "<group>";
		};
		77A2706E155B79C200C86692 /* Storyboard / Nib */ = {
			isa = PBXGroup;
			children = (
				77A4174314BDFEC200ACAAC1 /* MainStoryboard_iPhone.storyboard */,
			);
			name = "Storyboard / Nib";
			sourceTree = "<group>";
		};
		77A2706F155B79EA00C86692 /* Controllers */ = {
			isa = PBXGroup;
			children = (
				77A27074155B7A6C00C86692 /* Containers */,
				771C254C155D60460092EFB8 /* Item Category Screen */,
				77BCEE9C1582DB720005E409 /* Item Details Screen */,
				7750F6061561FBCD00B54F1F /* Item List Screen */,
				772A61531583DAF30098839C /* Item Notes Screen */,
				77A27073155B7A2A00C86692 /* Lists Screen */,
				772A6157158427BE0098839C /* Shopping List Details Screen */,
				77A27078155B7E5D00C86692 /* Shopping List Screen */,
			);
			name = Controllers;
			sourceTree = "<group>";
		};
		77A27073155B7A2A00C86692 /* Lists Screen */ = {
			isa = PBXGroup;
			children = (
				77A27070155B7A1C00C86692 /* BBListsViewController.h */,
				77A27071155B7A1C00C86692 /* BBListsViewController.m */,
				77677DF9155F63E4002BA298 /* Support */,
			);
			name = "Lists Screen";
			sourceTree = "<group>";
		};
		77A27074155B7A6C00C86692 /* Containers */ = {
			isa = PBXGroup;
			children = (
				77A27075155B7A8F00C86692 /* BBNavContainerViewController.h */,
				77A27076155B7A8F00C86692 /* BBNavContainerViewController.m */,
			);
			name = Containers;
			sourceTree = "<group>";
		};
		77A27078155B7E5D00C86692 /* Shopping List Screen */ = {
			isa = PBXGroup;
			children = (
				77A27079155B7E8D00C86692 /* BBShoppingListViewController.h */,
				77A2707A155B7E8D00C86692 /* BBShoppingListViewController.m */,
				77BCEEA11582E4530005E409 /* Support */,
			);
			name = "Shopping List Screen";
			sourceTree = "<group>";
		};
		77A4172214BDFEC200ACAAC1 = {
			isa = PBXGroup;
			children = (
				77A4173714BDFEC200ACAAC1 /* Shopable */,
				77A4175814BDFEC200ACAAC1 /* ShopableTests */,
				77A4173014BDFEC200ACAAC1 /* Frameworks */,
				77A4172E14BDFEC200ACAAC1 /* Products */,
			);
			sourceTree = "<group>";
		};
		77A4172E14BDFEC200ACAAC1 /* Products */ = {
			isa = PBXGroup;
			children = (
				77A4172D14BDFEC200ACAAC1 /* Shopable.app */,
				77A4175114BDFEC200ACAAC1 /* ShopableTests.octest */,
			);
			name = Products;
			sourceTree = "<group>";
		};
		77A4173014BDFEC200ACAAC1 /* Frameworks */ = {
			isa = PBXGroup;
			children = (
				77A4178514BE111100ACAAC1 /* CoreData.framework */,
				77A4173514BDFEC200ACAAC1 /* CoreGraphics.framework */,
				77A4173314BDFEC200ACAAC1 /* Foundation.framework */,
				77A4178714BE113100ACAAC1 /* QuartzCore.framework */,
				77A4175214BDFEC200ACAAC1 /* SenTestingKit.framework */,
				77A4173114BDFEC200ACAAC1 /* UIKit.framework */,
			);
			name = Frameworks;
			sourceTree = "<group>";
		};
		77A4173714BDFEC200ACAAC1 /* Shopable */ = {
			isa = PBXGroup;
			children = (
				7798254814E73828007031EF /* BBAppDelegate.h */,
				7798254914E73828007031EF /* BBAppDelegate.m */,
				77A2707C155B800900C86692 /* BBProtocols.h */,
				77D29C2914DF5E9C00EB1EFE /* Categories */,
				77A2706F155B79EA00C86692 /* Controllers */,
				77A4178D14BE138800ACAAC1 /* Data */,
				77A2706D155B79B200C86692 /* Resources */,
				77A4173814BDFEC200ACAAC1 /* Supporting Files */,
			);
			path = Shopable;
			sourceTree = "<group>";
		};
		77A4173814BDFEC200ACAAC1 /* Supporting Files */ = {
			isa = PBXGroup;
			children = (
				778C1C4F14BF70A800190DAE /* CategoryItems.plist */,
				77A4173A14BDFEC200ACAAC1 /* InfoPlist.strings */,
				77A4173D14BDFEC200ACAAC1 /* main.m */,
				7745934514C5FE7000EF1565 /* QuantityUnits.plist */,
				77A4173914BDFEC200ACAAC1 /* Shopable-Info.plist */,
				77A4173F14BDFEC200ACAAC1 /* Shopable-Prefix.pch */,
				7745933F14C5E80600EF1565 /* StoreTypes.plist */,
			);
			name = "Supporting Files";
			sourceTree = "<group>";
		};
		77A4175814BDFEC200ACAAC1 /* ShopableTests */ = {
			isa = PBXGroup;
			children = (
				77EDC08214E735DB00337612 /* ShopableTests.h */,
				77EDC08314E735DB00337612 /* ShopableTests.m */,
				77A4175914BDFEC200ACAAC1 /* Supporting Files */,
			);
			path = ShopableTests;
			sourceTree = "<group>";
		};
		77A4175914BDFEC200ACAAC1 /* Supporting Files */ = {
			isa = PBXGroup;
			children = (
				77A4175A14BDFEC200ACAAC1 /* ShopableTests-Info.plist */,
				77A4175B14BDFEC200ACAAC1 /* InfoPlist.strings */,
			);
			name = "Supporting Files";
			sourceTree = "<group>";
		};
		77A4178D14BE138800ACAAC1 /* Data */ = {
			isa = PBXGroup;
			children = (
				77A417E214BE1E6E00ACAAC1 /* BBStorageConstants.h */,
				770C2D5014F01D4900FC88E1 /* BBStorageManager+iCloud.h */,
				770C2D5114F01D4900FC88E1 /* BBStorageManager+iCloud.m */,
				77A417DD14BE174E00ACAAC1 /* BBStorageManager+Initialize.h */,
				77A417DE14BE174E00ACAAC1 /* BBStorageManager+Initialize.m */,
				77A4178E14BE13A400ACAAC1 /* BBStorageManager.h */,
				77A4178F14BE13A400ACAAC1 /* BBStorageManager.m */,
				771391ED14C4E2CE00875FB3 /* Categories */,
				77A417E114BE1DAC00ACAAC1 /* Entities */,
				77A2706C155B799900C86692 /* Model */,
			);
			name = Data;
			sourceTree = "<group>";
		};
		77A417E114BE1DAC00ACAAC1 /* Entities */ = {
			isa = PBXGroup;
			children = (
				7732DD6315745574001F67CF /* BBItem.h */,
				7732DD6415745574001F67CF /* BBItem.m */,
				7732DD5715745573001F67CF /* BBItemCategory.h */,
				7732DD5815745573001F67CF /* BBItemCategory.m */,
				7732DD6015745573001F67CF /* BBList.h */,
				7732DD6115745573001F67CF /* BBList.m */,
				7732DD5A15745573001F67CF /* BBShoppingCart.h */,
				7732DD5B15745573001F67CF /* BBShoppingCart.m */,
				772A615415841E050098839C /* BBShoppingItem.h */,
				772A615515841E050098839C /* BBShoppingItem.m */,
			);
			name = Entities;
			sourceTree = "<group>";
		};
		77BCEE9C1582DB720005E409 /* Item Details Screen */ = {
			isa = PBXGroup;
			children = (
				77BCEE9E1582DB930005E409 /* BBItemDetailsTableViewController.h */,
				77BCEE9F1582DB930005E409 /* BBItemDetailsTableViewController.m */,
			);
			name = "Item Details Screen";
			sourceTree = "<group>";
		};
		77BCEEA11582E4530005E409 /* Support */ = {
			isa = PBXGroup;
			children = (
				77BCEEA21582F0010005E409 /* BBDecoratorLabel.h */,
				77BCEEA31582F0010005E409 /* BBDecoratorLabel.m */,
				77BCEEA51582F0820005E409 /* BBShoppingListCell.h */,
				77BCEEA61582F0820005E409 /* BBShoppingListCell.m */,
			);
			name = Support;
			sourceTree = "<group>";
		};
		77BCFAF11560AEDA005ED2E5 /* Support */ = {
			isa = PBXGroup;
			children = (
				77BCFAF21560AEF5005ED2E5 /* BBItemCategoryView.h */,
				77BCFAF31560AEF5005ED2E5 /* BBItemCategoryView.m */,
				77BCFAF51560AF21005ED2E5 /* BBItemCategoryView.xib */,
			);
			name = Support;
			sourceTree = "<group>";
		};
		77D29C2914DF5E9C00EB1EFE /* Categories */ = {
			isa = PBXGroup;
			children = (
				77A5210714E1DC7900D42858 /* UIScrollView+Paging.h */,
				77A5210814E1DC7900D42858 /* UIScrollView+Paging.m */,
			);
			name = Categories;
			sourceTree = "<group>";
		};
/* End PBXGroup section */

/* Begin PBXNativeTarget section */
		77A4172C14BDFEC200ACAAC1 /* Shopable */ = {
			isa = PBXNativeTarget;
			buildConfigurationList = 77A4176314BDFEC200ACAAC1 /* Build configuration list for PBXNativeTarget "Shopable" */;
			buildPhases = (
				77A4172914BDFEC200ACAAC1 /* Sources */,
				77A4172A14BDFEC200ACAAC1 /* Frameworks */,
				77A4172B14BDFEC200ACAAC1 /* Resources */,
			);
			buildRules = (
			);
			dependencies = (
			);
			name = Shopable;
			productName = Shopable;
			productReference = 77A4172D14BDFEC200ACAAC1 /* Shopable.app */;
			productType = "com.apple.product-type.application";
		};
		77A4175014BDFEC200ACAAC1 /* ShopableTests */ = {
			isa = PBXNativeTarget;
			buildConfigurationList = 77A4176614BDFEC200ACAAC1 /* Build configuration list for PBXNativeTarget "ShopableTests" */;
			buildPhases = (
				77A4174C14BDFEC200ACAAC1 /* Sources */,
				77A4174D14BDFEC200ACAAC1 /* Frameworks */,
				77A4174E14BDFEC200ACAAC1 /* Resources */,
				77A4174F14BDFEC200ACAAC1 /* ShellScript */,
			);
			buildRules = (
			);
			dependencies = (
				77A4175714BDFEC200ACAAC1 /* PBXTargetDependency */,
			);
			name = ShopableTests;
			productName = ShopableTests;
			productReference = 77A4175114BDFEC200ACAAC1 /* ShopableTests.octest */;
			productType = "com.apple.product-type.bundle";
		};
/* End PBXNativeTarget section */

/* Begin PBXProject section */
		77A4172414BDFEC200ACAAC1 /* Project object */ = {
			isa = PBXProject;
			attributes = {
				LastUpgradeCheck = 0430;
				ORGANIZATIONNAME = "Basically Bits, LLC";
			};
			buildConfigurationList = 77A4172714BDFEC200ACAAC1 /* Build configuration list for PBXProject "Shopable" */;
			compatibilityVersion = "Xcode 3.2";
			developmentRegion = English;
			hasScannedForEncodings = 0;
			knownRegions = (
				en,
			);
			mainGroup = 77A4172214BDFEC200ACAAC1;
			productRefGroup = 77A4172E14BDFEC200ACAAC1 /* Products */;
			projectDirPath = "";
			projectRoot = "";
			targets = (
				77A4172C14BDFEC200ACAAC1 /* Shopable */,
				77A4175014BDFEC200ACAAC1 /* ShopableTests */,
			);
		};
/* End PBXProject section */

/* Begin PBXResourcesBuildPhase section */
		77A4172B14BDFEC200ACAAC1 /* Resources */ = {
			isa = PBXResourcesBuildPhase;
			buildActionMask = 2147483647;
			files = (
				77A4173C14BDFEC200ACAAC1 /* InfoPlist.strings in Resources */,
				77A4174514BDFEC200ACAAC1 /* MainStoryboard_iPhone.storyboard in Resources */,
				778C1C5014BF70A800190DAE /* CategoryItems.plist in Resources */,
				7745934014C5E80600EF1565 /* StoreTypes.plist in Resources */,
				7745934614C5FE7000EF1565 /* QuantityUnits.plist in Resources */,
				77BCFAF61560AF22005ED2E5 /* BBItemCategoryView.xib in Resources */,
				777D32D51574278200F95F7A /* check_box_checked.png in Resources */,
				777D32D61574278200F95F7A /* check_box_checked@2x.png in Resources */,
				777D32D71574278200F95F7A /* check_box_empty.png in Resources */,
				777D32D81574278200F95F7A /* check_box_empty@2x.png in Resources */,
				772A616C15845DEC0098839C /* Add@2x.png in Resources */,
				772A616E15845E000098839C /* Add.png in Resources */,
				772A617415845FA30098839C /* List@2x.png in Resources */,
				772A617615845FB60098839C /* List.png in Resources */,
				772A6179158464760098839C /* Icon.png in Resources */,
				772A617A158464760098839C /* Icon@2x.png in Resources */,
				772A617C1584650A0098839C /* iTunesArtwork in Resources */,
			);
			runOnlyForDeploymentPostprocessing = 0;
		};
		77A4174E14BDFEC200ACAAC1 /* Resources */ = {
			isa = PBXResourcesBuildPhase;
			buildActionMask = 2147483647;
			files = (
				77A4175D14BDFEC200ACAAC1 /* InfoPlist.strings in Resources */,
			);
			runOnlyForDeploymentPostprocessing = 0;
		};
/* End PBXResourcesBuildPhase section */

/* Begin PBXShellScriptBuildPhase section */
		77A4174F14BDFEC200ACAAC1 /* ShellScript */ = {
			isa = PBXShellScriptBuildPhase;
			buildActionMask = 2147483647;
			files = (
			);
			inputPaths = (
			);
			outputPaths = (
			);
			runOnlyForDeploymentPostprocessing = 0;
			shellPath = /bin/sh;
			shellScript = "# Run the unit tests in this test bundle.\n\"${SYSTEM_DEVELOPER_DIR}/Tools/RunUnitTests\"\n";
		};
/* End PBXShellScriptBuildPhase section */

/* Begin PBXSourcesBuildPhase section */
		77A4172914BDFEC200ACAAC1 /* Sources */ = {
			isa = PBXSourcesBuildPhase;
			buildActionMask = 2147483647;
			files = (
				77A4173E14BDFEC200ACAAC1 /* main.m in Sources */,
				77A4178414BE110500ACAAC1 /* Shopable.xcdatamodeld in Sources */,
				77A4179014BE13A400ACAAC1 /* BBStorageManager.m in Sources */,
				77A417DF14BE174E00ACAAC1 /* BBStorageManager+Initialize.m in Sources */,
				771391F314C4E40700875FB3 /* BBShoppingCart+Logic.m in Sources */,
				77A5210914E1DC7900D42858 /* UIScrollView+Paging.m in Sources */,
				77EDC07E14E70D4900337612 /* BBItem+Logic.m in Sources */,
				7798254A14E73828007031EF /* BBAppDelegate.m in Sources */,
				770C2D5214F01D4900FC88E1 /* BBStorageManager+iCloud.m in Sources */,
				77A27072155B7A1C00C86692 /* BBListsViewController.m in Sources */,
				77A27077155B7A8F00C86692 /* BBNavContainerViewController.m in Sources */,
				77A2707B155B7E8D00C86692 /* BBShoppingListViewController.m in Sources */,
				771C2550155D60890092EFB8 /* BBItemCategoryViewController.m in Sources */,
				77677DFD155F6447002BA298 /* BBListTableViewCell.m in Sources */,
				7751FADC15605C62006339A0 /* BBList+Logic.m in Sources */,
				77BCFAF41560AEF5005ED2E5 /* BBItemCategoryView.m in Sources */,
				7750F6091561FBF900B54F1F /* BBItemsListTableViewController.m in Sources */,
				7750F60D15620EDA00B54F1F /* BBItemTableViewCell.m in Sources */,
				7732DD5915745573001F67CF /* BBItemCategory.m in Sources */,
				7732DD5C15745573001F67CF /* BBShoppingCart.m in Sources */,
				7732DD6215745573001F67CF /* BBList.m in Sources */,
				7732DD6515745574001F67CF /* BBItem.m in Sources */,
				77BCEEA01582DB930005E409 /* BBItemDetailsTableViewController.m in Sources */,
				77BCEEA41582F0010005E409 /* BBDecoratorLabel.m in Sources */,
				77BCEEA71582F0820005E409 /* BBShoppingListCell.m in Sources */,
				772A61521583DACB0098839C /* BBItemNotesViewController.m in Sources */,
				772A615615841E050098839C /* BBShoppingItem.m in Sources */,
				772A615A158427D90098839C /* BBShoppingListDetailsViewController.m in Sources */,
				772A615E15842E830098839C /* BBShoppingItemDetailsCell.m in Sources */,
				772A6164158451910098839C /* BBCategoriesTableViewController.m in Sources */,
			);
			runOnlyForDeploymentPostprocessing = 0;
		};
		77A4174C14BDFEC200ACAAC1 /* Sources */ = {
			isa = PBXSourcesBuildPhase;
			buildActionMask = 2147483647;
			files = (
			);
			runOnlyForDeploymentPostprocessing = 0;
		};
/* End PBXSourcesBuildPhase section */

/* Begin PBXTargetDependency section */
		77A4175714BDFEC200ACAAC1 /* PBXTargetDependency */ = {
			isa = PBXTargetDependency;
			target = 77A4172C14BDFEC200ACAAC1 /* Shopable */;
			targetProxy = 77A4175614BDFEC200ACAAC1 /* PBXContainerItemProxy */;
		};
/* End PBXTargetDependency section */

/* Begin PBXVariantGroup section */
		77A4173A14BDFEC200ACAAC1 /* InfoPlist.strings */ = {
			isa = PBXVariantGroup;
			children = (
				77A4173B14BDFEC200ACAAC1 /* en */,
			);
			name = InfoPlist.strings;
			sourceTree = "<group>";
		};
		77A4174314BDFEC200ACAAC1 /* MainStoryboard_iPhone.storyboard */ = {
			isa = PBXVariantGroup;
			children = (
				77A4174414BDFEC200ACAAC1 /* en */,
			);
			name = MainStoryboard_iPhone.storyboard;
			sourceTree = "<group>";
		};
		77A4175B14BDFEC200ACAAC1 /* InfoPlist.strings */ = {
			isa = PBXVariantGroup;
			children = (
				77A4175C14BDFEC200ACAAC1 /* en */,
			);
			name = InfoPlist.strings;
			sourceTree = "<group>";
		};
/* End PBXVariantGroup section */

/* Begin XCBuildConfiguration section */
		77A4176114BDFEC200ACAAC1 /* Debug */ = {
			isa = XCBuildConfiguration;
			buildSettings = {
				ALWAYS_SEARCH_USER_PATHS = NO;
				ARCHS = "$(ARCHS_STANDARD_32_BIT)";
				CLANG_ENABLE_OBJC_ARC = YES;
				CODE_SIGN_IDENTITY = "iPhone Developer: Dan Fairaizl (MF9L24P42N)";
				"CODE_SIGN_IDENTITY[sdk=iphoneos*]" = "iPhone Developer";
				COPY_PHASE_STRIP = NO;
				GCC_C_LANGUAGE_STANDARD = gnu99;
				GCC_DYNAMIC_NO_PIC = NO;
				GCC_OPTIMIZATION_LEVEL = 0;
				GCC_PREPROCESSOR_DEFINITIONS = (
					"DEBUG=1",
					"$(inherited)",
				);
				GCC_SYMBOLS_PRIVATE_EXTERN = NO;
				GCC_THUMB_SUPPORT = NO;
				GCC_VERSION = com.apple.compilers.llvm.clang.1_0;
				GCC_WARN_ABOUT_MISSING_PROTOTYPES = YES;
				GCC_WARN_ABOUT_RETURN_TYPE = YES;
				GCC_WARN_UNUSED_VARIABLE = YES;
				IPHONEOS_DEPLOYMENT_TARGET = 5.0;
				PROVISIONING_PROFILE = "405CED6A-4FB9-4F7E-A6D3-51DAB8CD0494";
				SDKROOT = iphoneos;
				TARGETED_DEVICE_FAMILY = "1,2";
			};
			name = Debug;
		};
		77A4176214BDFEC200ACAAC1 /* Release */ = {
			isa = XCBuildConfiguration;
			buildSettings = {
				ALWAYS_SEARCH_USER_PATHS = NO;
				ARCHS = "$(ARCHS_STANDARD_32_BIT)";
				CLANG_ENABLE_OBJC_ARC = YES;
				CODE_SIGN_IDENTITY = "iPhone Distribution";
				"CODE_SIGN_IDENTITY[sdk=iphoneos*]" = "iPhone Distribution";
				COPY_PHASE_STRIP = YES;
				GCC_C_LANGUAGE_STANDARD = gnu99;
				GCC_THUMB_SUPPORT = NO;
				GCC_VERSION = com.apple.compilers.llvm.clang.1_0;
				GCC_WARN_ABOUT_MISSING_PROTOTYPES = YES;
				GCC_WARN_ABOUT_RETURN_TYPE = YES;
				GCC_WARN_UNUSED_VARIABLE = YES;
				IPHONEOS_DEPLOYMENT_TARGET = 5.0;
				OTHER_CFLAGS = "-DNS_BLOCK_ASSERTIONS=1";
				PROVISIONING_PROFILE = "";
				"PROVISIONING_PROFILE[sdk=iphoneos*]" = "";
				SDKROOT = iphoneos;
				TARGETED_DEVICE_FAMILY = "1,2";
				VALIDATE_PRODUCT = YES;
			};
			name = Release;
		};
		77A4176414BDFEC200ACAAC1 /* Debug */ = {
			isa = XCBuildConfiguration;
			buildSettings = {
				CODE_SIGN_IDENTITY = "iPhone Developer: Dan Fairaizl (MF9L24P42N)";
				"CODE_SIGN_IDENTITY[sdk=iphoneos*]" = "iPhone Developer: Dan Fairaizl (MF9L24P42N)";
				GCC_PRECOMPILE_PREFIX_HEADER = YES;
				GCC_PREFIX_HEADER = "Shopable/Shopable-Prefix.pch";
				GCC_THUMB_SUPPORT = NO;
				INFOPLIST_FILE = "Shopable/Shopable-Info.plist";
				IPHONEOS_DEPLOYMENT_TARGET = 5.0;
				PRODUCT_NAME = Shopable;
				PROVISIONING_PROFILE = "405CED6A-4FB9-4F7E-A6D3-51DAB8CD0494";
				"PROVISIONING_PROFILE[sdk=iphoneos*]" = "405CED6A-4FB9-4F7E-A6D3-51DAB8CD0494";
				TARGETED_DEVICE_FAMILY = 1;
				WRAPPER_EXTENSION = app;
			};
			name = Debug;
		};
		77A4176514BDFEC200ACAAC1 /* Release */ = {
			isa = XCBuildConfiguration;
			buildSettings = {
				CODE_SIGN_IDENTITY = "iPhone Distribution: Daniel Fairaizl";
				"CODE_SIGN_IDENTITY[sdk=iphoneos*]" = "iPhone Distribution: Daniel Fairaizl";
				GCC_PRECOMPILE_PREFIX_HEADER = YES;
				GCC_PREFIX_HEADER = "Shopable/Shopable-Prefix.pch";
				GCC_THUMB_SUPPORT = NO;
				INFOPLIST_FILE = "Shopable/Shopable-Info.plist";
				IPHONEOS_DEPLOYMENT_TARGET = 5.0;
				PRODUCT_NAME = Shopable;
				PROVISIONING_PROFILE = "B6427A16-CD8F-498F-8D09-E923ED6088FD";
				"PROVISIONING_PROFILE[sdk=iphoneos*]" = "B6427A16-CD8F-498F-8D09-E923ED6088FD";
				TARGETED_DEVICE_FAMILY = 1;
				WRAPPER_EXTENSION = app;
			};
			name = Release;
		};
		77A4176714BDFEC200ACAAC1 /* Debug */ = {
			isa = XCBuildConfiguration;
			buildSettings = {
				BUNDLE_LOADER = "$(BUILT_PRODUCTS_DIR)/Shopable.app/Shopable";
				FRAMEWORK_SEARCH_PATHS = (
					"$(SDKROOT)/Developer/Library/Frameworks",
					"$(DEVELOPER_LIBRARY_DIR)/Frameworks",
				);
				GCC_PRECOMPILE_PREFIX_HEADER = YES;
				GCC_PREFIX_HEADER = "Shopable/Shopable-Prefix.pch";
				GCC_THUMB_SUPPORT = NO;
				INFOPLIST_FILE = "ShopableTests/ShopableTests-Info.plist";
				PRODUCT_NAME = ShopableTests;
				TEST_HOST = "$(BUNDLE_LOADER)";
				WRAPPER_EXTENSION = octest;
			};
			name = Debug;
		};
		77A4176814BDFEC200ACAAC1 /* Release */ = {
			isa = XCBuildConfiguration;
			buildSettings = {
				BUNDLE_LOADER = "$(BUILT_PRODUCTS_DIR)/Shopable.app/Shopable";
				FRAMEWORK_SEARCH_PATHS = (
					"$(SDKROOT)/Developer/Library/Frameworks",
					"$(DEVELOPER_LIBRARY_DIR)/Frameworks",
				);
				GCC_PRECOMPILE_PREFIX_HEADER = YES;
				GCC_PREFIX_HEADER = "Shopable/Shopable-Prefix.pch";
				GCC_THUMB_SUPPORT = NO;
				INFOPLIST_FILE = "ShopableTests/ShopableTests-Info.plist";
				PRODUCT_NAME = ShopableTests;
				TEST_HOST = "$(BUNDLE_LOADER)";
				WRAPPER_EXTENSION = octest;
			};
			name = Release;
		};
/* End XCBuildConfiguration section */

/* Begin XCConfigurationList section */
		77A4172714BDFEC200ACAAC1 /* Build configuration list for PBXProject "Shopable" */ = {
			isa = XCConfigurationList;
			buildConfigurations = (
				77A4176114BDFEC200ACAAC1 /* Debug */,
				77A4176214BDFEC200ACAAC1 /* Release */,
			);
			defaultConfigurationIsVisible = 0;
			defaultConfigurationName = Release;
		};
		77A4176314BDFEC200ACAAC1 /* Build configuration list for PBXNativeTarget "Shopable" */ = {
			isa = XCConfigurationList;
			buildConfigurations = (
				77A4176414BDFEC200ACAAC1 /* Debug */,
				77A4176514BDFEC200ACAAC1 /* Release */,
			);
			defaultConfigurationIsVisible = 0;
			defaultConfigurationName = Release;
		};
		77A4176614BDFEC200ACAAC1 /* Build configuration list for PBXNativeTarget "ShopableTests" */ = {
			isa = XCConfigurationList;
			buildConfigurations = (
				77A4176714BDFEC200ACAAC1 /* Debug */,
				77A4176814BDFEC200ACAAC1 /* Release */,
			);
			defaultConfigurationIsVisible = 0;
			defaultConfigurationName = Release;
		};
/* End XCConfigurationList section */

/* Begin XCVersionGroup section */
		77A4178214BE110500ACAAC1 /* Shopable.xcdatamodeld */ = {
			isa = XCVersionGroup;
			children = (
				77A4178314BE110500ACAAC1 /* Shopable.xcdatamodel */,
			);
			currentVersion = 77A4178314BE110500ACAAC1 /* Shopable.xcdatamodel */;
			path = Shopable.xcdatamodeld;
			sourceTree = "<group>";
			versionGroupType = wrapper.xcdatamodel;
		};
/* End XCVersionGroup section */
	};
	rootObject = 77A4172414BDFEC200ACAAC1 /* Project object */;
}
